
Microsoft Visual Studio Solution File, Format Version 12.00
# Visual Studio Version 17
VisualStudioVersion = 17.10.34916.146
MinimumVisualStudioVersion = 10.0.40219.1
Project("{8BC9CEB8-8B4A-11D0-8D11-00A0C91BC942}") = "libfcache", "libfcache\libfcache.vcxproj", "{3D19EAAD-9195-468B-BC5B-D147A89CA4F5}"
EndProject
Project("{8BC9CEB8-8B4A-11D0-8D11-00A0C91BC942}") = "libfguid", "libfguid\libfguid.vcxproj", "{8C13E498-6369-4792-A0CF-B7134C54561B}"
EndProject
Project("{8BC9CEB8-8B4A-11D0-8D11-00A0C91BC942}") = "bde_test_aes_ccm_encrypted_key", "bde_test_aes_ccm_encrypted_key\bde_test_aes_ccm_encrypted_key.vcxproj", "{3BE4ADBE-7CA5-43D0-A80F-C6DAE51D19AD}"
EndProject
Project("{8BC9CEB8-8B4A-11D0-8D11-00A0C91BC942}") = "bde_test_encryption_context", "bde_test_encryption_context\bde_test_encryption_context.vcxproj", "{CB6B16F2-26B4-4D12-A36F-881C1EB08876}"
EndProject
Project("{8BC9CEB8-8B4A-11D0-8D11-00A0C91BC942}") = "bde_test_error", "bde_test_error\bde_test_error.vcxproj", "{10A45585-35B3-4248-9911-BDCC22674D04}"
EndProject
Project("{8BC9CEB8-8B4A-11D0-8D11-00A0C91BC942}") = "bde_test_external_key", "bde_test_external_key\bde_test_external_key.vcxproj", "{4B88F55E-DF39-4138-B8B2-07384AD9FA15}"
EndProject
Project("{8BC9CEB8-8B4A-11D0-8D11-00A0C91BC942}") = "bde_test_io_handle", "bde_test_io_handle\bde_test_io_handle.vcxproj", "{76254BAE-8CA1-4322-BBB2-5D64461EAE0C}"
EndProject
Project("{8BC9CEB8-8B4A-11D0-8D11-00A0C91BC942}") = "bde_test_key", "bde_test_key\bde_test_key.vcxproj", "{DEFBC481-358B-422B-945A-BE0F1218B970}"
EndProject
Project("{8BC9CEB8-8B4A-11D0-8D11-00A0C91BC942}") = "bde_test_key_protector", "bde_test_key_protector\bde_test_key_protector.vcxproj", "{4E955628-36C3-43F6-A1F2-35F62891710C}"
EndProject
Project("{8BC9CEB8-8B4A-11D0-8D11-00A0C91BC942}") = "bde_test_metadata", "bde_test_metadata\bde_test_metadata.vcxproj", "{81982B69-5E7B-4515-8AE9-F96033FB6198}"
EndProject
Project("{8BC9CEB8-8B4A-11D0-8D11-00A0C91BC942}") = "bde_test_metadata_block_header", "bde_test_metadata_block_header\bde_test_metadata_block_header.vcxproj", "{5247D728-44D9-4999-B9CF-C839EF37292D}"
EndProject
Project("{8BC9CEB8-8B4A-11D0-8D11-00A0C91BC942}") = "bde_test_metadata_entry", "bde_test_metadata_entry\bde_test_metadata_entry.vcxproj", "{1F79469A-AE3A-466F-8210-6D04BBC1A52A}"
EndProject
Project("{8BC9CEB8-8B4A-11D0-8D11-00A0C91BC942}") = "bde_test_metadata_header", "bde_test_metadata_header\bde_test_metadata_header.vcxproj", "{6180BF13-9C60-4CB0-8141-84D5496E6321}"
EndProject
Project("{8BC9CEB8-8B4A-11D0-8D11-00A0C91BC942}") = "bde_test_notify", "bde_test_notify\bde_test_notify.vcxproj", "{83E18862-8898-457B-AD59-F2F8CE6B279D}"
EndProject
Project("{8BC9CEB8-8B4A-11D0-8D11-00A0C91BC942}") = "bde_test_password", "bde_test_password\bde_test_password.vcxproj", "{CB62B884-3B87-4D86-80DD-6D5DB7C1D64C}"
EndProject
Project("{8BC9CEB8-8B4A-11D0-8D11-00A0C91BC942}") = "bde_test_password_keep", "bde_test_password_keep\bde_test_password_keep.vcxproj", "{D5286D19-9B40-4C5E-BB60-94AC3A73723D}"
EndProject
Project("{8BC9CEB8-8B4A-11D0-8D11-00A0C91BC942}") = "bde_test_sector_data", "bde_test_sector_data\bde_test_sector_data.vcxproj", "{840A29C6-DEBD-4658-B18D-72A65CE00E23}"
EndProject
Project("{8BC9CEB8-8B4A-11D0-8D11-00A0C91BC942}") = "bde_test_sector_data_vector", "bde_test_sector_data_vector\bde_test_sector_data_vector.vcxproj", "{F1CABC87-E8B7-4397-BB2E-E3DECACE5E9F}"
EndProject
Project("{8BC9CEB8-8B4A-11D0-8D11-00A0C91BC942}") = "bde_test_stretch_key", "bde_test_stretch_key\bde_test_stretch_key.vcxproj", "{AF910E0C-C3D0-48F8-BEA4-DCC17985BEDA}"
EndProject
Project("{8BC9CEB8-8B4A-11D0-8D11-00A0C91BC942}") = "bde_test_support", "bde_test_support\bde_test_support.vcxproj", "{4E66309E-1E56-4976-9F88-A2E434266EC7}"
EndProject
Project("{8BC9CEB8-8B4A-11D0-8D11-00A0C91BC942}") = "bde_test_tools_info_handle", "bde_test_tools_info_handle\bde_test_tools_info_handle.vcxproj", "{37E0C874-426E-44D6-A462-8427E9F5C79E}"
EndProject
Project("{8BC9CEB8-8B4A-11D0-8D11-00A0C91BC942}") = "bde_test_tools_output", "bde_test_tools_output\bde_test_tools_output.vcxproj", "{EDCC6DC2-BF50-4022-A200-4A1599C49362}"
EndProject
Project("{8BC9CEB8-8B4A-11D0-8D11-00A0C91BC942}") = "bde_test_tools_signal", "bde_test_tools_signal\bde_test_tools_signal.vcxproj", "{6658A6BC-14DB-41EE-8949-0D6B5A531012}"
EndProject
Project("{8BC9CEB8-8B4A-11D0-8D11-00A0C91BC942}") = "bde_test_volume", "bde_test_volume\bde_test_volume.vcxproj", "{0FA01FCF-7C9F-4FBF-BFE2-0E3D5B67C609}"
EndProject
Project("{8BC9CEB8-8B4A-11D0-8D11-00A0C91BC942}") = "bde_test_volume_header", "bde_test_volume_header\bde_test_volume_header.vcxproj", "{8AE16F4F-28B1-48F5-A8F0-0D9C866A1CCC}"
EndProject
Project("{8BC9CEB8-8B4A-11D0-8D11-00A0C91BC942}") = "bde_test_volume_master_key", "bde_test_volume_master_key\bde_test_volume_master_key.vcxproj", "{840F51EE-55FA-4421-9BA0-0D810A1A939A}"
EndProject
Project("{8BC9CEB8-8B4A-11D0-8D11-00A0C91BC942}") = "libclocale", "libclocale\libclocale.vcxproj", "{CEDF8919-00B2-4D8A-88CC-84ADB2D2FF89}"
EndProject
Project("{8BC9CEB8-8B4A-11D0-8D11-00A0C91BC942}") = "libbfio", "libbfio\libbfio.vcxproj", "{41CFAFBF-A1C8-4704-AFEF-31979E6452B9}"
EndProject
Project("{8BC9CEB8-8B4A-11D0-8D11-00A0C91BC942}") = "libcaes", "libcaes\libcaes.vcxproj", "{E2E45353-D420-4921-A2CF-59D9047262F8}"
EndProject
Project("{8BC9CEB8-8B4A-11D0-8D11-00A0C91BC942}") = "pybde", "pybde\pybde.vcxproj", "{E221DB4C-B254-47CB-993D-DC7FED580DA1}"
EndProject
Project("{8BC9CEB8-8B4A-11D0-8D11-00A0C91BC942}") = "libfdatetime", "libfdatetime\libfdatetime.vcxproj", "{25C60507-39C6-4564-912D-DA2E7482A00F}"
EndProject
Project("{8BC9CEB8-8B4A-11D0-8D11-00A0C91BC942}") = "libcfile", "libcfile\libcfile.vcxproj", "{4C93BDD3-1804-47F3-9B34-F2DE0CAE1AE0}"
EndProject
Project("{8BC9CEB8-8B4A-11D0-8D11-00A0C91BC942}") = "libcthreads", "libcthreads\libcthreads.vcxproj", "{8AFAA2C6-E025-4B45-B96F-A27D04C6115A}"
EndProject
Project("{8BC9CEB8-8B4A-11D0-8D11-00A0C91BC942}") = "libbde", "libbde\libbde.vcxproj", "{2CC46A0F-2CD9-4BD1-9667-8DDDECC98C96}"
EndProject
Project("{8BC9CEB8-8B4A-11D0-8D11-00A0C91BC942}") = "libcpath", "libcpath\libcpath.vcxproj", "{3FFB9C05-1145-45A7-9ADE-5C8D70FBD7CA}"
EndProject
Project("{8BC9CEB8-8B4A-11D0-8D11-00A0C91BC942}") = "libhmac", "libhmac\libhmac.vcxproj", "{D6DC307C-0CA0-4144-BB19-9C43B476280F}"
EndProject
Project("{8BC9CEB8-8B4A-11D0-8D11-00A0C91BC942}") = "bdeinfo", "bdeinfo\bdeinfo.vcxproj", "{A7545354-5D50-49F6-A3D0-1F97F6228955}"
EndProject
Project("{8BC9CEB8-8B4A-11D0-8D11-00A0C91BC942}") = "bdemount", "bdemount\bdemount.vcxproj", "{91A40238-86E3-44BA-8CFE-8410F4EE492C}"
EndProject
Project("{8BC9CEB8-8B4A-11D0-8D11-00A0C91BC942}") = "libuna", "libuna\libuna.vcxproj", "{BC27FF34-C859-4A1A-95D6-FC89952E1910}"
EndProject
Project("{8BC9CEB8-8B4A-11D0-8D11-00A0C91BC942}") = "libfvalue", "libfvalue\libfvalue.vcxproj", "{85005D62-6AA7-4D8A-86CB-4061B23D7C6C}"
EndProject
Project("{8BC9CEB8-8B4A-11D0-8D11-00A0C91BC942}") = "libcerror", "libcerror\libcerror.vcxproj", "{BD3A95FA-A3DE-4B79-A889-A7E5ECA4B69C}"
EndProject
Project("{8BC9CEB8-8B4A-11D0-8D11-00A0C91BC942}") = "libcnotify", "libcnotify\libcnotify.vcxproj", "{5304AD69-D449-4589-B2C9-E4607E56A51D}"
EndProject
Project("{8BC9CEB8-8B4A-11D0-8D11-00A0C91BC942}") = "libcdata", "libcdata\libcdata.vcxproj", "{B9332DC8-7594-47DF-80C1-38922E0F4DFB}"
EndProject
Project("{8BC9CEB8-8B4A-11D0-8D11-00A0C91BC942}") = "libcsplit", "libcsplit\libcsplit.vcxproj", "{B86FB73A-4ACC-42DE-9545-586D93955B06}"
EndProject
Global
	GlobalSection(SolutionConfigurationPlatforms) = preSolution
		Debug|ARM = Debug|ARM
		Debug|ARM64 = Debug|ARM64
		Debug|Win32 = Debug|Win32
		Debug|x64 = Debug|x64
		Release|ARM = Release|ARM
		Release|ARM64 = Release|ARM64
		Release|Win32 = Release|Win32
		Release|x64 = Release|x64
	EndGlobalSection
	GlobalSection(ProjectConfigurationPlatforms) = postSolution
		{3D19EAAD-9195-468B-BC5B-D147A89CA4F5}.Debug|ARM.ActiveCfg = Debug|ARM
		{3D19EAAD-9195-468B-BC5B-D147A89CA4F5}.Debug|ARM.Build.0 = Debug|ARM
		{3D19EAAD-9195-468B-BC5B-D147A89CA4F5}.Debug|ARM64.ActiveCfg = Debug|ARM64
		{3D19EAAD-9195-468B-BC5B-D147A89CA4F5}.Debug|ARM64.Build.0 = Debug|ARM64
		{3D19EAAD-9195-468B-BC5B-D147A89CA4F5}.Debug|Win32.ActiveCfg = Debug|Win32
		{3D19EAAD-9195-468B-BC5B-D147A89CA4F5}.Debug|Win32.Build.0 = Debug|Win32
		{3D19EAAD-9195-468B-BC5B-D147A89CA4F5}.Debug|x64.ActiveCfg = Debug|x64
		{3D19EAAD-9195-468B-BC5B-D147A89CA4F5}.Debug|x64.Build.0 = Debug|x64
		{3D19EAAD-9195-468B-BC5B-D147A89CA4F5}.Release|ARM.ActiveCfg = Release|ARM
		{3D19EAAD-9195-468B-BC5B-D147A89CA4F5}.Release|ARM.Build.0 = Release|ARM
		{3D19EAAD-9195-468B-BC5B-D147A89CA4F5}.Release|ARM64.ActiveCfg = Release|ARM64
		{3D19EAAD-9195-468B-BC5B-D147A89CA4F5}.Release|ARM64.Build.0 = Release|ARM64
		{3D19EAAD-9195-468B-BC5B-D147A89CA4F5}.Release|Win32.ActiveCfg = Release|Win32
		{3D19EAAD-9195-468B-BC5B-D147A89CA4F5}.Release|Win32.Build.0 = Release|Win32
		{3D19EAAD-9195-468B-BC5B-D147A89CA4F5}.Release|x64.ActiveCfg = Release|x64
		{3D19EAAD-9195-468B-BC5B-D147A89CA4F5}.Release|x64.Build.0 = Release|x64
		{8C13E498-6369-4792-A0CF-B7134C54561B}.Debug|ARM.ActiveCfg = Debug|ARM
		{8C13E498-6369-4792-A0CF-B7134C54561B}.Debug|ARM.Build.0 = Debug|ARM
		{8C13E498-6369-4792-A0CF-B7134C54561B}.Debug|ARM64.ActiveCfg = Debug|ARM64
		{8C13E498-6369-4792-A0CF-B7134C54561B}.Debug|ARM64.Build.0 = Debug|ARM64
		{8C13E498-6369-4792-A0CF-B7134C54561B}.Debug|Win32.ActiveCfg = Debug|Win32
		{8C13E498-6369-4792-A0CF-B7134C54561B}.Debug|Win32.Build.0 = Debug|Win32
		{8C13E498-6369-4792-A0CF-B7134C54561B}.Debug|x64.ActiveCfg = Debug|x64
		{8C13E498-6369-4792-A0CF-B7134C54561B}.Debug|x64.Build.0 = Debug|x64
		{8C13E498-6369-4792-A0CF-B7134C54561B}.Release|ARM.ActiveCfg = Release|ARM
		{8C13E498-6369-4792-A0CF-B7134C54561B}.Release|ARM.Build.0 = Release|ARM
		{8C13E498-6369-4792-A0CF-B7134C54561B}.Release|ARM64.ActiveCfg = Release|ARM64
		{8C13E498-6369-4792-A0CF-B7134C54561B}.Release|ARM64.Build.0 = Release|ARM64
		{8C13E498-6369-4792-A0CF-B7134C54561B}.Release|Win32.ActiveCfg = Release|Win32
		{8C13E498-6369-4792-A0CF-B7134C54561B}.Release|Win32.Build.0 = Release|Win32
		{8C13E498-6369-4792-A0CF-B7134C54561B}.Release|x64.ActiveCfg = Release|x64
		{8C13E498-6369-4792-A0CF-B7134C54561B}.Release|x64.Build.0 = Release|x64
		{3BE4ADBE-7CA5-43D0-A80F-C6DAE51D19AD}.Debug|ARM.ActiveCfg = Debug|ARM
		{3BE4ADBE-7CA5-43D0-A80F-C6DAE51D19AD}.Debug|ARM.Build.0 = Debug|ARM
		{3BE4ADBE-7CA5-43D0-A80F-C6DAE51D19AD}.Debug|ARM64.ActiveCfg = Debug|ARM64
		{3BE4ADBE-7CA5-43D0-A80F-C6DAE51D19AD}.Debug|ARM64.Build.0 = Debug|ARM64
		{3BE4ADBE-7CA5-43D0-A80F-C6DAE51D19AD}.Debug|Win32.ActiveCfg = Debug|Win32
		{3BE4ADBE-7CA5-43D0-A80F-C6DAE51D19AD}.Debug|Win32.Build.0 = Debug|Win32
		{3BE4ADBE-7CA5-43D0-A80F-C6DAE51D19AD}.Debug|x64.ActiveCfg = Debug|x64
		{3BE4ADBE-7CA5-43D0-A80F-C6DAE51D19AD}.Debug|x64.Build.0 = Debug|x64
		{3BE4ADBE-7CA5-43D0-A80F-C6DAE51D19AD}.Release|ARM.ActiveCfg = Release|ARM
		{3BE4ADBE-7CA5-43D0-A80F-C6DAE51D19AD}.Release|ARM.Build.0 = Release|ARM
		{3BE4ADBE-7CA5-43D0-A80F-C6DAE51D19AD}.Release|ARM64.ActiveCfg = Release|ARM64
		{3BE4ADBE-7CA5-43D0-A80F-C6DAE51D19AD}.Release|ARM64.Build.0 = Release|ARM64
		{3BE4ADBE-7CA5-43D0-A80F-C6DAE51D19AD}.Release|Win32.ActiveCfg = Release|Win32
		{3BE4ADBE-7CA5-43D0-A80F-C6DAE51D19AD}.Release|Win32.Build.0 = Release|Win32
		{3BE4ADBE-7CA5-43D0-A80F-C6DAE51D19AD}.Release|x64.ActiveCfg = Release|x64
		{3BE4ADBE-7CA5-43D0-A80F-C6DAE51D19AD}.Release|x64.Build.0 = Release|x64
		{CB6B16F2-26B4-4D12-A36F-881C1EB08876}.Debug|ARM.ActiveCfg = Debug|ARM
		{CB6B16F2-26B4-4D12-A36F-881C1EB08876}.Debug|ARM.Build.0 = Debug|ARM
		{CB6B16F2-26B4-4D12-A36F-881C1EB08876}.Debug|ARM64.ActiveCfg = Debug|ARM64
		{CB6B16F2-26B4-4D12-A36F-881C1EB08876}.Debug|ARM64.Build.0 = Debug|ARM64
		{CB6B16F2-26B4-4D12-A36F-881C1EB08876}.Debug|Win32.ActiveCfg = Debug|Win32
		{CB6B16F2-26B4-4D12-A36F-881C1EB08876}.Debug|Win32.Build.0 = Debug|Win32
		{CB6B16F2-26B4-4D12-A36F-881C1EB08876}.Debug|x64.ActiveCfg = Debug|x64
		{CB6B16F2-26B4-4D12-A36F-881C1EB08876}.Debug|x64.Build.0 = Debug|x64
		{CB6B16F2-26B4-4D12-A36F-881C1EB08876}.Release|ARM.ActiveCfg = Release|ARM
		{CB6B16F2-26B4-4D12-A36F-881C1EB08876}.Release|ARM.Build.0 = Release|ARM
		{CB6B16F2-26B4-4D12-A36F-881C1EB08876}.Release|ARM64.ActiveCfg = Release|ARM64
		{CB6B16F2-26B4-4D12-A36F-881C1EB08876}.Release|ARM64.Build.0 = Release|ARM64
		{CB6B16F2-26B4-4D12-A36F-881C1EB08876}.Release|Win32.ActiveCfg = Release|Win32
		{CB6B16F2-26B4-4D12-A36F-881C1EB08876}.Release|Win32.Build.0 = Release|Win32
		{CB6B16F2-26B4-4D12-A36F-881C1EB08876}.Release|x64.ActiveCfg = Release|x64
		{CB6B16F2-26B4-4D12-A36F-881C1EB08876}.Release|x64.Build.0 = Release|x64
		{10A45585-35B3-4248-9911-BDCC22674D04}.Debug|ARM.ActiveCfg = Debug|ARM
		{10A45585-35B3-4248-9911-BDCC22674D04}.Debug|ARM.Build.0 = Debug|ARM
		{10A45585-35B3-4248-9911-BDCC22674D04}.Debug|ARM64.ActiveCfg = Debug|ARM64
		{10A45585-35B3-4248-9911-BDCC22674D04}.Debug|ARM64.Build.0 = Debug|ARM64
		{10A45585-35B3-4248-9911-BDCC22674D04}.Debug|Win32.ActiveCfg = Debug|Win32
		{10A45585-35B3-4248-9911-BDCC22674D04}.Debug|Win32.Build.0 = Debug|Win32
		{10A45585-35B3-4248-9911-BDCC22674D04}.Debug|x64.ActiveCfg = Debug|x64
		{10A45585-35B3-4248-9911-BDCC22674D04}.Debug|x64.Build.0 = Debug|x64
		{10A45585-35B3-4248-9911-BDCC22674D04}.Release|ARM.ActiveCfg = Release|ARM
		{10A45585-35B3-4248-9911-BDCC22674D04}.Release|ARM.Build.0 = Release|ARM
		{10A45585-35B3-4248-9911-BDCC22674D04}.Release|ARM64.ActiveCfg = Release|ARM64
		{10A45585-35B3-4248-9911-BDCC22674D04}.Release|ARM64.Build.0 = Release|ARM64
		{10A45585-35B3-4248-9911-BDCC22674D04}.Release|Win32.ActiveCfg = Release|Win32
		{10A45585-35B3-4248-9911-BDCC22674D04}.Release|Win32.Build.0 = Release|Win32
		{10A45585-35B3-4248-9911-BDCC22674D04}.Release|x64.ActiveCfg = Release|x64
		{10A45585-35B3-4248-9911-BDCC22674D04}.Release|x64.Build.0 = Release|x64
		{4B88F55E-DF39-4138-B8B2-07384AD9FA15}.Debug|ARM.ActiveCfg = Debug|ARM
		{4B88F55E-DF39-4138-B8B2-07384AD9FA15}.Debug|ARM.Build.0 = Debug|ARM
		{4B88F55E-DF39-4138-B8B2-07384AD9FA15}.Debug|ARM64.ActiveCfg = Debug|ARM64
		{4B88F55E-DF39-4138-B8B2-07384AD9FA15}.Debug|ARM64.Build.0 = Debug|ARM64
		{4B88F55E-DF39-4138-B8B2-07384AD9FA15}.Debug|Win32.ActiveCfg = Debug|Win32
		{4B88F55E-DF39-4138-B8B2-07384AD9FA15}.Debug|Win32.Build.0 = Debug|Win32
		{4B88F55E-DF39-4138-B8B2-07384AD9FA15}.Debug|x64.ActiveCfg = Debug|x64
		{4B88F55E-DF39-4138-B8B2-07384AD9FA15}.Debug|x64.Build.0 = Debug|x64
		{4B88F55E-DF39-4138-B8B2-07384AD9FA15}.Release|ARM.ActiveCfg = Release|ARM
		{4B88F55E-DF39-4138-B8B2-07384AD9FA15}.Release|ARM.Build.0 = Release|ARM
		{4B88F55E-DF39-4138-B8B2-07384AD9FA15}.Release|ARM64.ActiveCfg = Release|ARM64
		{4B88F55E-DF39-4138-B8B2-07384AD9FA15}.Release|ARM64.Build.0 = Release|ARM64
		{4B88F55E-DF39-4138-B8B2-07384AD9FA15}.Release|Win32.ActiveCfg = Release|Win32
		{4B88F55E-DF39-4138-B8B2-07384AD9FA15}.Release|Win32.Build.0 = Release|Win32
		{4B88F55E-DF39-4138-B8B2-07384AD9FA15}.Release|x64.ActiveCfg = Release|x64
		{4B88F55E-DF39-4138-B8B2-07384AD9FA15}.Release|x64.Build.0 = Release|x64
		{76254BAE-8CA1-4322-BBB2-5D64461EAE0C}.Debug|ARM.ActiveCfg = Debug|ARM
		{76254BAE-8CA1-4322-BBB2-5D64461EAE0C}.Debug|ARM.Build.0 = Debug|ARM
		{76254BAE-8CA1-4322-BBB2-5D64461EAE0C}.Debug|ARM64.ActiveCfg = Debug|ARM64
		{76254BAE-8CA1-4322-BBB2-5D64461EAE0C}.Debug|ARM64.Build.0 = Debug|ARM64
		{76254BAE-8CA1-4322-BBB2-5D64461EAE0C}.Debug|Win32.ActiveCfg = Debug|Win32
		{76254BAE-8CA1-4322-BBB2-5D64461EAE0C}.Debug|Win32.Build.0 = Debug|Win32
		{76254BAE-8CA1-4322-BBB2-5D64461EAE0C}.Debug|x64.ActiveCfg = Debug|x64
		{76254BAE-8CA1-4322-BBB2-5D64461EAE0C}.Debug|x64.Build.0 = Debug|x64
		{76254BAE-8CA1-4322-BBB2-5D64461EAE0C}.Release|ARM.ActiveCfg = Release|ARM
		{76254BAE-8CA1-4322-BBB2-5D64461EAE0C}.Release|ARM.Build.0 = Release|ARM
		{76254BAE-8CA1-4322-BBB2-5D64461EAE0C}.Release|ARM64.ActiveCfg = Release|ARM64
		{76254BAE-8CA1-4322-BBB2-5D64461EAE0C}.Release|ARM64.Build.0 = Release|ARM64
		{76254BAE-8CA1-4322-BBB2-5D64461EAE0C}.Release|Win32.ActiveCfg = Release|Win32
		{76254BAE-8CA1-4322-BBB2-5D64461EAE0C}.Release|Win32.Build.0 = Release|Win32
		{76254BAE-8CA1-4322-BBB2-5D64461EAE0C}.Release|x64.ActiveCfg = Release|x64
		{76254BAE-8CA1-4322-BBB2-5D64461EAE0C}.Release|x64.Build.0 = Release|x64
		{DEFBC481-358B-422B-945A-BE0F1218B970}.Debug|ARM.ActiveCfg = Debug|ARM
		{DEFBC481-358B-422B-945A-BE0F1218B970}.Debug|ARM.Build.0 = Debug|ARM
		{DEFBC481-358B-422B-945A-BE0F1218B970}.Debug|ARM64.ActiveCfg = Debug|ARM64
		{DEFBC481-358B-422B-945A-BE0F1218B970}.Debug|ARM64.Build.0 = Debug|ARM64
		{DEFBC481-358B-422B-945A-BE0F1218B970}.Debug|Win32.ActiveCfg = Debug|Win32
		{DEFBC481-358B-422B-945A-BE0F1218B970}.Debug|Win32.Build.0 = Debug|Win32
		{DEFBC481-358B-422B-945A-BE0F1218B970}.Debug|x64.ActiveCfg = Debug|x64
		{DEFBC481-358B-422B-945A-BE0F1218B970}.Debug|x64.Build.0 = Debug|x64
		{DEFBC481-358B-422B-945A-BE0F1218B970}.Release|ARM.ActiveCfg = Release|ARM
		{DEFBC481-358B-422B-945A-BE0F1218B970}.Release|ARM.Build.0 = Release|ARM
		{DEFBC481-358B-422B-945A-BE0F1218B970}.Release|ARM64.ActiveCfg = Release|ARM64
		{DEFBC481-358B-422B-945A-BE0F1218B970}.Release|ARM64.Build.0 = Release|ARM64
		{DEFBC481-358B-422B-945A-BE0F1218B970}.Release|Win32.ActiveCfg = Release|Win32
		{DEFBC481-358B-422B-945A-BE0F1218B970}.Release|Win32.Build.0 = Release|Win32
		{DEFBC481-358B-422B-945A-BE0F1218B970}.Release|x64.ActiveCfg = Release|x64
		{DEFBC481-358B-422B-945A-BE0F1218B970}.Release|x64.Build.0 = Release|x64
		{4E955628-36C3-43F6-A1F2-35F62891710C}.Debug|ARM.ActiveCfg = Debug|ARM
		{4E955628-36C3-43F6-A1F2-35F62891710C}.Debug|ARM.Build.0 = Debug|ARM
		{4E955628-36C3-43F6-A1F2-35F62891710C}.Debug|ARM64.ActiveCfg = Debug|ARM64
		{4E955628-36C3-43F6-A1F2-35F62891710C}.Debug|ARM64.Build.0 = Debug|ARM64
		{4E955628-36C3-43F6-A1F2-35F62891710C}.Debug|Win32.ActiveCfg = Debug|Win32
		{4E955628-36C3-43F6-A1F2-35F62891710C}.Debug|Win32.Build.0 = Debug|Win32
		{4E955628-36C3-43F6-A1F2-35F62891710C}.Debug|x64.ActiveCfg = Debug|x64
		{4E955628-36C3-43F6-A1F2-35F62891710C}.Debug|x64.Build.0 = Debug|x64
		{4E955628-36C3-43F6-A1F2-35F62891710C}.Release|ARM.ActiveCfg = Release|ARM
		{4E955628-36C3-43F6-A1F2-35F62891710C}.Release|ARM.Build.0 = Release|ARM
		{4E955628-36C3-43F6-A1F2-35F62891710C}.Release|ARM64.ActiveCfg = Release|ARM64
		{4E955628-36C3-43F6-A1F2-35F62891710C}.Release|ARM64.Build.0 = Release|ARM64
		{4E955628-36C3-43F6-A1F2-35F62891710C}.Release|Win32.ActiveCfg = Release|Win32
		{4E955628-36C3-43F6-A1F2-35F62891710C}.Release|Win32.Build.0 = Release|Win32
		{4E955628-36C3-43F6-A1F2-35F62891710C}.Release|x64.ActiveCfg = Release|x64
		{4E955628-36C3-43F6-A1F2-35F62891710C}.Release|x64.Build.0 = Release|x64
		{81982B69-5E7B-4515-8AE9-F96033FB6198}.Debug|ARM.ActiveCfg = Debug|ARM
		{81982B69-5E7B-4515-8AE9-F96033FB6198}.Debug|ARM.Build.0 = Debug|ARM
		{81982B69-5E7B-4515-8AE9-F96033FB6198}.Debug|ARM64.ActiveCfg = Debug|ARM64
		{81982B69-5E7B-4515-8AE9-F96033FB6198}.Debug|ARM64.Build.0 = Debug|ARM64
		{81982B69-5E7B-4515-8AE9-F96033FB6198}.Debug|Win32.ActiveCfg = Debug|Win32
		{81982B69-5E7B-4515-8AE9-F96033FB6198}.Debug|Win32.Build.0 = Debug|Win32
		{81982B69-5E7B-4515-8AE9-F96033FB6198}.Debug|x64.ActiveCfg = Debug|x64
		{81982B69-5E7B-4515-8AE9-F96033FB6198}.Debug|x64.Build.0 = Debug|x64
		{81982B69-5E7B-4515-8AE9-F96033FB6198}.Release|ARM.ActiveCfg = Release|ARM
		{81982B69-5E7B-4515-8AE9-F96033FB6198}.Release|ARM.Build.0 = Release|ARM
		{81982B69-5E7B-4515-8AE9-F96033FB6198}.Release|ARM64.ActiveCfg = Release|ARM64
		{81982B69-5E7B-4515-8AE9-F96033FB6198}.Release|ARM64.Build.0 = Release|ARM64
		{81982B69-5E7B-4515-8AE9-F96033FB6198}.Release|Win32.ActiveCfg = Release|Win32
		{81982B69-5E7B-4515-8AE9-F96033FB6198}.Release|Win32.Build.0 = Release|Win32
		{81982B69-5E7B-4515-8AE9-F96033FB6198}.Release|x64.ActiveCfg = Release|x64
		{81982B69-5E7B-4515-8AE9-F96033FB6198}.Release|x64.Build.0 = Release|x64
		{5247D728-44D9-4999-B9CF-C839EF37292D}.Debug|ARM.ActiveCfg = Debug|ARM
		{5247D728-44D9-4999-B9CF-C839EF37292D}.Debug|ARM.Build.0 = Debug|ARM
		{5247D728-44D9-4999-B9CF-C839EF37292D}.Debug|ARM64.ActiveCfg = Debug|ARM64
		{5247D728-44D9-4999-B9CF-C839EF37292D}.Debug|ARM64.Build.0 = Debug|ARM64
		{5247D728-44D9-4999-B9CF-C839EF37292D}.Debug|Win32.ActiveCfg = Debug|Win32
		{5247D728-44D9-4999-B9CF-C839EF37292D}.Debug|Win32.Build.0 = Debug|Win32
		{5247D728-44D9-4999-B9CF-C839EF37292D}.Debug|x64.ActiveCfg = Debug|x64
		{5247D728-44D9-4999-B9CF-C839EF37292D}.Debug|x64.Build.0 = Debug|x64
		{5247D728-44D9-4999-B9CF-C839EF37292D}.Release|ARM.ActiveCfg = Release|ARM
		{5247D728-44D9-4999-B9CF-C839EF37292D}.Release|ARM.Build.0 = Release|ARM
		{5247D728-44D9-4999-B9CF-C839EF37292D}.Release|ARM64.ActiveCfg = Release|ARM64
		{5247D728-44D9-4999-B9CF-C839EF37292D}.Release|ARM64.Build.0 = Release|ARM64
		{5247D728-44D9-4999-B9CF-C839EF37292D}.Release|Win32.ActiveCfg = Release|Win32
		{5247D728-44D9-4999-B9CF-C839EF37292D}.Release|Win32.Build.0 = Release|Win32
		{5247D728-44D9-4999-B9CF-C839EF37292D}.Release|x64.ActiveCfg = Release|x64
		{5247D728-44D9-4999-B9CF-C839EF37292D}.Release|x64.Build.0 = Release|x64
		{1F79469A-AE3A-466F-8210-6D04BBC1A52A}.Debug|ARM.ActiveCfg = Debug|ARM
		{1F79469A-AE3A-466F-8210-6D04BBC1A52A}.Debug|ARM.Build.0 = Debug|ARM
		{1F79469A-AE3A-466F-8210-6D04BBC1A52A}.Debug|ARM64.ActiveCfg = Debug|ARM64
		{1F79469A-AE3A-466F-8210-6D04BBC1A52A}.Debug|ARM64.Build.0 = Debug|ARM64
		{1F79469A-AE3A-466F-8210-6D04BBC1A52A}.Debug|Win32.ActiveCfg = Debug|Win32
		{1F79469A-AE3A-466F-8210-6D04BBC1A52A}.Debug|Win32.Build.0 = Debug|Win32
		{1F79469A-AE3A-466F-8210-6D04BBC1A52A}.Debug|x64.ActiveCfg = Debug|x64
		{1F79469A-AE3A-466F-8210-6D04BBC1A52A}.Debug|x64.Build.0 = Debug|x64
		{1F79469A-AE3A-466F-8210-6D04BBC1A52A}.Release|ARM.ActiveCfg = Release|ARM
		{1F79469A-AE3A-466F-8210-6D04BBC1A52A}.Release|ARM.Build.0 = Release|ARM
		{1F79469A-AE3A-466F-8210-6D04BBC1A52A}.Release|ARM64.ActiveCfg = Release|ARM64
		{1F79469A-AE3A-466F-8210-6D04BBC1A52A}.Release|ARM64.Build.0 = Release|ARM64
		{1F79469A-AE3A-466F-8210-6D04BBC1A52A}.Release|Win32.ActiveCfg = Release|Win32
		{1F79469A-AE3A-466F-8210-6D04BBC1A52A}.Release|Win32.Build.0 = Release|Win32
		{1F79469A-AE3A-466F-8210-6D04BBC1A52A}.Release|x64.ActiveCfg = Release|x64
		{1F79469A-AE3A-466F-8210-6D04BBC1A52A}.Release|x64.Build.0 = Release|x64
		{6180BF13-9C60-4CB0-8141-84D5496E6321}.Debug|ARM.ActiveCfg = Debug|ARM
		{6180BF13-9C60-4CB0-8141-84D5496E6321}.Debug|ARM.Build.0 = Debug|ARM
		{6180BF13-9C60-4CB0-8141-84D5496E6321}.Debug|ARM64.ActiveCfg = Debug|ARM64
		{6180BF13-9C60-4CB0-8141-84D5496E6321}.Debug|ARM64.Build.0 = Debug|ARM64
		{6180BF13-9C60-4CB0-8141-84D5496E6321}.Debug|Win32.ActiveCfg = Debug|Win32
		{6180BF13-9C60-4CB0-8141-84D5496E6321}.Debug|Win32.Build.0 = Debug|Win32
		{6180BF13-9C60-4CB0-8141-84D5496E6321}.Debug|x64.ActiveCfg = Debug|x64
		{6180BF13-9C60-4CB0-8141-84D5496E6321}.Debug|x64.Build.0 = Debug|x64
		{6180BF13-9C60-4CB0-8141-84D5496E6321}.Release|ARM.ActiveCfg = Release|ARM
		{6180BF13-9C60-4CB0-8141-84D5496E6321}.Release|ARM.Build.0 = Release|ARM
		{6180BF13-9C60-4CB0-8141-84D5496E6321}.Release|ARM64.ActiveCfg = Release|ARM64
		{6180BF13-9C60-4CB0-8141-84D5496E6321}.Release|ARM64.Build.0 = Release|ARM64
		{6180BF13-9C60-4CB0-8141-84D5496E6321}.Release|Win32.ActiveCfg = Release|Win32
		{6180BF13-9C60-4CB0-8141-84D5496E6321}.Release|Win32.Build.0 = Release|Win32
		{6180BF13-9C60-4CB0-8141-84D5496E6321}.Release|x64.ActiveCfg = Release|x64
		{6180BF13-9C60-4CB0-8141-84D5496E6321}.Release|x64.Build.0 = Release|x64
		{83E18862-8898-457B-AD59-F2F8CE6B279D}.Debug|ARM.ActiveCfg = Debug|ARM
		{83E18862-8898-457B-AD59-F2F8CE6B279D}.Debug|ARM.Build.0 = Debug|ARM
		{83E18862-8898-457B-AD59-F2F8CE6B279D}.Debug|ARM64.ActiveCfg = Debug|ARM64
		{83E18862-8898-457B-AD59-F2F8CE6B279D}.Debug|ARM64.Build.0 = Debug|ARM64
		{83E18862-8898-457B-AD59-F2F8CE6B279D}.Debug|Win32.ActiveCfg = Debug|Win32
		{83E18862-8898-457B-AD59-F2F8CE6B279D}.Debug|Win32.Build.0 = Debug|Win32
		{83E18862-8898-457B-AD59-F2F8CE6B279D}.Debug|x64.ActiveCfg = Debug|x64
		{83E18862-8898-457B-AD59-F2F8CE6B279D}.Debug|x64.Build.0 = Debug|x64
		{83E18862-8898-457B-AD59-F2F8CE6B279D}.Release|ARM.ActiveCfg = Release|ARM
		{83E18862-8898-457B-AD59-F2F8CE6B279D}.Release|ARM.Build.0 = Release|ARM
		{83E18862-8898-457B-AD59-F2F8CE6B279D}.Release|ARM64.ActiveCfg = Release|ARM64
		{83E18862-8898-457B-AD59-F2F8CE6B279D}.Release|ARM64.Build.0 = Release|ARM64
		{83E18862-8898-457B-AD59-F2F8CE6B279D}.Release|Win32.ActiveCfg = Release|Win32
		{83E18862-8898-457B-AD59-F2F8CE6B279D}.Release|Win32.Build.0 = Release|Win32
		{83E18862-8898-457B-AD59-F2F8CE6B279D}.Release|x64.ActiveCfg = Release|x64
		{83E18862-8898-457B-AD59-F2F8CE6B279D}.Release|x64.Build.0 = Release|x64
		{CB62B884-3B87-4D86-80DD-6D5DB7C1D64C}.Debug|ARM.ActiveCfg = Debug|ARM
		{CB62B884-3B87-4D86-80DD-6D5DB7C1D64C}.Debug|ARM.Build.0 = Debug|ARM
		{CB62B884-3B87-4D86-80DD-6D5DB7C1D64C}.Debug|ARM64.ActiveCfg = Debug|ARM64
		{CB62B884-3B87-4D86-80DD-6D5DB7C1D64C}.Debug|ARM64.Build.0 = Debug|ARM64
		{CB62B884-3B87-4D86-80DD-6D5DB7C1D64C}.Debug|Win32.ActiveCfg = Debug|Win32
		{CB62B884-3B87-4D86-80DD-6D5DB7C1D64C}.Debug|Win32.Build.0 = Debug|Win32
		{CB62B884-3B87-4D86-80DD-6D5DB7C1D64C}.Debug|x64.ActiveCfg = Debug|x64
		{CB62B884-3B87-4D86-80DD-6D5DB7C1D64C}.Debug|x64.Build.0 = Debug|x64
		{CB62B884-3B87-4D86-80DD-6D5DB7C1D64C}.Release|ARM.ActiveCfg = Release|ARM
		{CB62B884-3B87-4D86-80DD-6D5DB7C1D64C}.Release|ARM.Build.0 = Release|ARM
		{CB62B884-3B87-4D86-80DD-6D5DB7C1D64C}.Release|ARM64.ActiveCfg = Release|ARM64
		{CB62B884-3B87-4D86-80DD-6D5DB7C1D64C}.Release|ARM64.Build.0 = Release|ARM64
		{CB62B884-3B87-4D86-80DD-6D5DB7C1D64C}.Release|Win32.ActiveCfg = Release|Win32
		{CB62B884-3B87-4D86-80DD-6D5DB7C1D64C}.Release|Win32.Build.0 = Release|Win32
		{CB62B884-3B87-4D86-80DD-6D5DB7C1D64C}.Release|x64.ActiveCfg = Release|x64
		{CB62B884-3B87-4D86-80DD-6D5DB7C1D64C}.Release|x64.Build.0 = Release|x64
		{D5286D19-9B40-4C5E-BB60-94AC3A73723D}.Debug|ARM.ActiveCfg = Debug|ARM
		{D5286D19-9B40-4C5E-BB60-94AC3A73723D}.Debug|ARM.Build.0 = Debug|ARM
		{D5286D19-9B40-4C5E-BB60-94AC3A73723D}.Debug|ARM64.ActiveCfg = Debug|ARM64
		{D5286D19-9B40-4C5E-BB60-94AC3A73723D}.Debug|ARM64.Build.0 = Debug|ARM64
		{D5286D19-9B40-4C5E-BB60-94AC3A73723D}.Debug|Win32.ActiveCfg = Debug|Win32
		{D5286D19-9B40-4C5E-BB60-94AC3A73723D}.Debug|Win32.Build.0 = Debug|Win32
		{D5286D19-9B40-4C5E-BB60-94AC3A73723D}.Debug|x64.ActiveCfg = Debug|x64
		{D5286D19-9B40-4C5E-BB60-94AC3A73723D}.Debug|x64.Build.0 = Debug|x64
		{D5286D19-9B40-4C5E-BB60-94AC3A73723D}.Release|ARM.ActiveCfg = Release|ARM
		{D5286D19-9B40-4C5E-BB60-94AC3A73723D}.Release|ARM.Build.0 = Release|ARM
		{D5286D19-9B40-4C5E-BB60-94AC3A73723D}.Release|ARM64.ActiveCfg = Release|ARM64
		{D5286D19-9B40-4C5E-BB60-94AC3A73723D}.Release|ARM64.Build.0 = Release|ARM64
		{D5286D19-9B40-4C5E-BB60-94AC3A73723D}.Release|Win32.ActiveCfg = Release|Win32
		{D5286D19-9B40-4C5E-BB60-94AC3A73723D}.Release|Win32.Build.0 = Release|Win32
		{D5286D19-9B40-4C5E-BB60-94AC3A73723D}.Release|x64.ActiveCfg = Release|x64
		{D5286D19-9B40-4C5E-BB60-94AC3A73723D}.Release|x64.Build.0 = Release|x64
		{840A29C6-DEBD-4658-B18D-72A65CE00E23}.Debug|ARM.ActiveCfg = Debug|ARM
		{840A29C6-DEBD-4658-B18D-72A65CE00E23}.Debug|ARM.Build.0 = Debug|ARM
		{840A29C6-DEBD-4658-B18D-72A65CE00E23}.Debug|ARM64.ActiveCfg = Debug|ARM64
		{840A29C6-DEBD-4658-B18D-72A65CE00E23}.Debug|ARM64.Build.0 = Debug|ARM64
		{840A29C6-DEBD-4658-B18D-72A65CE00E23}.Debug|Win32.ActiveCfg = Debug|Win32
		{840A29C6-DEBD-4658-B18D-72A65CE00E23}.Debug|Win32.Build.0 = Debug|Win32
		{840A29C6-DEBD-4658-B18D-72A65CE00E23}.Debug|x64.ActiveCfg = Debug|x64
		{840A29C6-DEBD-4658-B18D-72A65CE00E23}.Debug|x64.Build.0 = Debug|x64
		{840A29C6-DEBD-4658-B18D-72A65CE00E23}.Release|ARM.ActiveCfg = Release|ARM
		{840A29C6-DEBD-4658-B18D-72A65CE00E23}.Release|ARM.Build.0 = Release|ARM
		{840A29C6-DEBD-4658-B18D-72A65CE00E23}.Release|ARM64.ActiveCfg = Release|ARM64
		{840A29C6-DEBD-4658-B18D-72A65CE00E23}.Release|ARM64.Build.0 = Release|ARM64
		{840A29C6-DEBD-4658-B18D-72A65CE00E23}.Release|Win32.ActiveCfg = Release|Win32
		{840A29C6-DEBD-4658-B18D-72A65CE00E23}.Release|Win32.Build.0 = Release|Win32
		{840A29C6-DEBD-4658-B18D-72A65CE00E23}.Release|x64.ActiveCfg = Release|x64
		{840A29C6-DEBD-4658-B18D-72A65CE00E23}.Release|x64.Build.0 = Release|x64
		{F1CABC87-E8B7-4397-BB2E-E3DECACE5E9F}.Debug|ARM.ActiveCfg = Debug|ARM
		{F1CABC87-E8B7-4397-BB2E-E3DECACE5E9F}.Debug|ARM.Build.0 = Debug|ARM
		{F1CABC87-E8B7-4397-BB2E-E3DECACE5E9F}.Debug|ARM64.ActiveCfg = Debug|ARM64
		{F1CABC87-E8B7-4397-BB2E-E3DECACE5E9F}.Debug|ARM64.Build.0 = Debug|ARM64
		{F1CABC87-E8B7-4397-BB2E-E3DECACE5E9F}.Debug|Win32.ActiveCfg = Debug|Win32
		{F1CABC87-E8B7-4397-BB2E-E3DECACE5E9F}.Debug|Win32.Build.0 = Debug|Win32
		{F1CABC87-E8B7-4397-BB2E-E3DECACE5E9F}.Debug|x64.ActiveCfg = Debug|x64
		{F1CABC87-E8B7-4397-BB2E-E3DECACE5E9F}.Debug|x64.Build.0 = Debug|x64
		{F1CABC87-E8B7-4397-BB2E-E3DECACE5E9F}.Release|ARM.ActiveCfg = Release|ARM
		{F1CABC87-E8B7-4397-BB2E-E3DECACE5E9F}.Release|ARM.Build.0 = Release|ARM
		{F1CABC87-E8B7-4397-BB2E-E3DECACE5E9F}.Release|ARM64.ActiveCfg = Release|ARM64
		{F1CABC87-E8B7-4397-BB2E-E3DECACE5E9F}.Release|ARM64.Build.0 = Release|ARM64
		{F1CABC87-E8B7-4397-BB2E-E3DECACE5E9F}.Release|Win32.ActiveCfg = Release|Win32
		{F1CABC87-E8B7-4397-BB2E-E3DECACE5E9F}.Release|Win32.Build.0 = Release|Win32
		{F1CABC87-E8B7-4397-BB2E-E3DECACE5E9F}.Release|x64.ActiveCfg = Release|x64
		{F1CABC87-E8B7-4397-BB2E-E3DECACE5E9F}.Release|x64.Build.0 = Release|x64
		{AF910E0C-C3D0-48F8-BEA4-DCC17985BEDA}.Debug|ARM.ActiveCfg = Debug|ARM
		{AF910E0C-C3D0-48F8-BEA4-DCC17985BEDA}.Debug|ARM.Build.0 = Debug|ARM
		{AF910E0C-C3D0-48F8-BEA4-DCC17985BEDA}.Debug|ARM64.ActiveCfg = Debug|ARM64
		{AF910E0C-C3D0-48F8-BEA4-DCC17985BEDA}.Debug|ARM64.Build.0 = Debug|ARM64
		{AF910E0C-C3D0-48F8-BEA4-DCC17985BEDA}.Debug|Win32.ActiveCfg = Debug|Win32
		{AF910E0C-C3D0-48F8-BEA4-DCC17985BEDA}.Debug|Win32.Build.0 = Debug|Win32
		{AF910E0C-C3D0-48F8-BEA4-DCC17985BEDA}.Debug|x64.ActiveCfg = Debug|x64
		{AF910E0C-C3D0-48F8-BEA4-DCC17985BEDA}.Debug|x64.Build.0 = Debug|x64
		{AF910E0C-C3D0-48F8-BEA4-DCC17985BEDA}.Release|ARM.ActiveCfg = Release|ARM
		{AF910E0C-C3D0-48F8-BEA4-DCC17985BEDA}.Release|ARM.Build.0 = Release|ARM
		{AF910E0C-C3D0-48F8-BEA4-DCC17985BEDA}.Release|ARM64.ActiveCfg = Release|ARM64
		{AF910E0C-C3D0-48F8-BEA4-DCC17985BEDA}.Release|ARM64.Build.0 = Release|ARM64
		{AF910E0C-C3D0-48F8-BEA4-DCC17985BEDA}.Release|Win32.ActiveCfg = Release|Win32
		{AF910E0C-C3D0-48F8-BEA4-DCC17985BEDA}.Release|Win32.Build.0 = Release|Win32
		{AF910E0C-C3D0-48F8-BEA4-DCC17985BEDA}.Release|x64.ActiveCfg = Release|x64
		{AF910E0C-C3D0-48F8-BEA4-DCC17985BEDA}.Release|x64.Build.0 = Release|x64
		{4E66309E-1E56-4976-9F88-A2E434266EC7}.Debug|ARM.ActiveCfg = Debug|ARM
		{4E66309E-1E56-4976-9F88-A2E434266EC7}.Debug|ARM.Build.0 = Debug|ARM
		{4E66309E-1E56-4976-9F88-A2E434266EC7}.Debug|ARM64.ActiveCfg = Debug|ARM64
		{4E66309E-1E56-4976-9F88-A2E434266EC7}.Debug|ARM64.Build.0 = Debug|ARM64
		{4E66309E-1E56-4976-9F88-A2E434266EC7}.Debug|Win32.ActiveCfg = Debug|Win32
		{4E66309E-1E56-4976-9F88-A2E434266EC7}.Debug|Win32.Build.0 = Debug|Win32
		{4E66309E-1E56-4976-9F88-A2E434266EC7}.Debug|x64.ActiveCfg = Debug|x64
		{4E66309E-1E56-4976-9F88-A2E434266EC7}.Debug|x64.Build.0 = Debug|x64
		{4E66309E-1E56-4976-9F88-A2E434266EC7}.Release|ARM.ActiveCfg = Release|ARM
		{4E66309E-1E56-4976-9F88-A2E434266EC7}.Release|ARM.Build.0 = Release|ARM
		{4E66309E-1E56-4976-9F88-A2E434266EC7}.Release|ARM64.ActiveCfg = Release|ARM64
		{4E66309E-1E56-4976-9F88-A2E434266EC7}.Release|ARM64.Build.0 = Release|ARM64
		{4E66309E-1E56-4976-9F88-A2E434266EC7}.Release|Win32.ActiveCfg = Release|Win32
		{4E66309E-1E56-4976-9F88-A2E434266EC7}.Release|Win32.Build.0 = Release|Win32
		{4E66309E-1E56-4976-9F88-A2E434266EC7}.Release|x64.ActiveCfg = Release|x64
		{4E66309E-1E56-4976-9F88-A2E434266EC7}.Release|x64.Build.0 = Release|x64
		{37E0C874-426E-44D6-A462-8427E9F5C79E}.Debug|ARM.ActiveCfg = Debug|ARM
		{37E0C874-426E-44D6-A462-8427E9F5C79E}.Debug|ARM.Build.0 = Debug|ARM
		{37E0C874-426E-44D6-A462-8427E9F5C79E}.Debug|ARM64.ActiveCfg = Debug|ARM64
		{37E0C874-426E-44D6-A462-8427E9F5C79E}.Debug|ARM64.Build.0 = Debug|ARM64
		{37E0C874-426E-44D6-A462-8427E9F5C79E}.Debug|Win32.ActiveCfg = Debug|Win32
		{37E0C874-426E-44D6-A462-8427E9F5C79E}.Debug|Win32.Build.0 = Debug|Win32
		{37E0C874-426E-44D6-A462-8427E9F5C79E}.Debug|x64.ActiveCfg = Debug|x64
		{37E0C874-426E-44D6-A462-8427E9F5C79E}.Debug|x64.Build.0 = Debug|x64
		{37E0C874-426E-44D6-A462-8427E9F5C79E}.Release|ARM.ActiveCfg = Release|ARM
		{37E0C874-426E-44D6-A462-8427E9F5C79E}.Release|ARM.Build.0 = Release|ARM
		{37E0C874-426E-44D6-A462-8427E9F5C79E}.Release|ARM64.ActiveCfg = Release|ARM64
		{37E0C874-426E-44D6-A462-8427E9F5C79E}.Release|ARM64.Build.0 = Release|ARM64
		{37E0C874-426E-44D6-A462-8427E9F5C79E}.Release|Win32.ActiveCfg = Release|Win32
		{37E0C874-426E-44D6-A462-8427E9F5C79E}.Release|Win32.Build.0 = Release|Win32
		{37E0C874-426E-44D6-A462-8427E9F5C79E}.Release|x64.ActiveCfg = Release|x64
		{37E0C874-426E-44D6-A462-8427E9F5C79E}.Release|x64.Build.0 = Release|x64
		{EDCC6DC2-BF50-4022-A200-4A1599C49362}.Debug|ARM.ActiveCfg = Debug|ARM
		{EDCC6DC2-BF50-4022-A200-4A1599C49362}.Debug|ARM.Build.0 = Debug|ARM
		{EDCC6DC2-BF50-4022-A200-4A1599C49362}.Debug|ARM64.ActiveCfg = Debug|ARM64
		{EDCC6DC2-BF50-4022-A200-4A1599C49362}.Debug|ARM64.Build.0 = Debug|ARM64
		{EDCC6DC2-BF50-4022-A200-4A1599C49362}.Debug|Win32.ActiveCfg = Debug|Win32
		{EDCC6DC2-BF50-4022-A200-4A1599C49362}.Debug|Win32.Build.0 = Debug|Win32
		{EDCC6DC2-BF50-4022-A200-4A1599C49362}.Debug|x64.ActiveCfg = Debug|x64
		{EDCC6DC2-BF50-4022-A200-4A1599C49362}.Debug|x64.Build.0 = Debug|x64
		{EDCC6DC2-BF50-4022-A200-4A1599C49362}.Release|ARM.ActiveCfg = Release|ARM
		{EDCC6DC2-BF50-4022-A200-4A1599C49362}.Release|ARM.Build.0 = Release|ARM
		{EDCC6DC2-BF50-4022-A200-4A1599C49362}.Release|ARM64.ActiveCfg = Release|ARM64
		{EDCC6DC2-BF50-4022-A200-4A1599C49362}.Release|ARM64.Build.0 = Release|ARM64
		{EDCC6DC2-BF50-4022-A200-4A1599C49362}.Release|Win32.ActiveCfg = Release|Win32
		{EDCC6DC2-BF50-4022-A200-4A1599C49362}.Release|Win32.Build.0 = Release|Win32
		{EDCC6DC2-BF50-4022-A200-4A1599C49362}.Release|x64.ActiveCfg = Release|x64
		{EDCC6DC2-BF50-4022-A200-4A1599C49362}.Release|x64.Build.0 = Release|x64
		{6658A6BC-14DB-41EE-8949-0D6B5A531012}.Debug|ARM.ActiveCfg = Debug|ARM
		{6658A6BC-14DB-41EE-8949-0D6B5A531012}.Debug|ARM.Build.0 = Debug|ARM
		{6658A6BC-14DB-41EE-8949-0D6B5A531012}.Debug|ARM64.ActiveCfg = Debug|ARM64
		{6658A6BC-14DB-41EE-8949-0D6B5A531012}.Debug|ARM64.Build.0 = Debug|ARM64
		{6658A6BC-14DB-41EE-8949-0D6B5A531012}.Debug|Win32.ActiveCfg = Debug|Win32
		{6658A6BC-14DB-41EE-8949-0D6B5A531012}.Debug|Win32.Build.0 = Debug|Win32
		{6658A6BC-14DB-41EE-8949-0D6B5A531012}.Debug|x64.ActiveCfg = Debug|x64
		{6658A6BC-14DB-41EE-8949-0D6B5A531012}.Debug|x64.Build.0 = Debug|x64
		{6658A6BC-14DB-41EE-8949-0D6B5A531012}.Release|ARM.ActiveCfg = Release|ARM
		{6658A6BC-14DB-41EE-8949-0D6B5A531012}.Release|ARM.Build.0 = Release|ARM
		{6658A6BC-14DB-41EE-8949-0D6B5A531012}.Release|ARM64.ActiveCfg = Release|ARM64
		{6658A6BC-14DB-41EE-8949-0D6B5A531012}.Release|ARM64.Build.0 = Release|ARM64
		{6658A6BC-14DB-41EE-8949-0D6B5A531012}.Release|Win32.ActiveCfg = Release|Win32
		{6658A6BC-14DB-41EE-8949-0D6B5A531012}.Release|Win32.Build.0 = Release|Win32
		{6658A6BC-14DB-41EE-8949-0D6B5A531012}.Release|x64.ActiveCfg = Release|x64
		{6658A6BC-14DB-41EE-8949-0D6B5A531012}.Release|x64.Build.0 = Release|x64
		{0FA01FCF-7C9F-4FBF-BFE2-0E3D5B67C609}.Debug|ARM.ActiveCfg = Debug|ARM
		{0FA01FCF-7C9F-4FBF-BFE2-0E3D5B67C609}.Debug|ARM.Build.0 = Debug|ARM
		{0FA01FCF-7C9F-4FBF-BFE2-0E3D5B67C609}.Debug|ARM64.ActiveCfg = Debug|ARM64
		{0FA01FCF-7C9F-4FBF-BFE2-0E3D5B67C609}.Debug|ARM64.Build.0 = Debug|ARM64
		{0FA01FCF-7C9F-4FBF-BFE2-0E3D5B67C609}.Debug|Win32.ActiveCfg = Debug|Win32
		{0FA01FCF-7C9F-4FBF-BFE2-0E3D5B67C609}.Debug|Win32.Build.0 = Debug|Win32
		{0FA01FCF-7C9F-4FBF-BFE2-0E3D5B67C609}.Debug|x64.ActiveCfg = Debug|x64
		{0FA01FCF-7C9F-4FBF-BFE2-0E3D5B67C609}.Debug|x64.Build.0 = Debug|x64
		{0FA01FCF-7C9F-4FBF-BFE2-0E3D5B67C609}.Release|ARM.ActiveCfg = Release|ARM
		{0FA01FCF-7C9F-4FBF-BFE2-0E3D5B67C609}.Release|ARM.Build.0 = Release|ARM
		{0FA01FCF-7C9F-4FBF-BFE2-0E3D5B67C609}.Release|ARM64.ActiveCfg = Release|ARM64
		{0FA01FCF-7C9F-4FBF-BFE2-0E3D5B67C609}.Release|ARM64.Build.0 = Release|ARM64
		{0FA01FCF-7C9F-4FBF-BFE2-0E3D5B67C609}.Release|Win32.ActiveCfg = Release|Win32
		{0FA01FCF-7C9F-4FBF-BFE2-0E3D5B67C609}.Release|Win32.Build.0 = Release|Win32
		{0FA01FCF-7C9F-4FBF-BFE2-0E3D5B67C609}.Release|x64.ActiveCfg = Release|x64
		{0FA01FCF-7C9F-4FBF-BFE2-0E3D5B67C609}.Release|x64.Build.0 = Release|x64
		{8AE16F4F-28B1-48F5-A8F0-0D9C866A1CCC}.Debug|ARM.ActiveCfg = Debug|ARM
		{8AE16F4F-28B1-48F5-A8F0-0D9C866A1CCC}.Debug|ARM.Build.0 = Debug|ARM
		{8AE16F4F-28B1-48F5-A8F0-0D9C866A1CCC}.Debug|ARM64.ActiveCfg = Debug|ARM64
		{8AE16F4F-28B1-48F5-A8F0-0D9C866A1CCC}.Debug|ARM64.Build.0 = Debug|ARM64
		{8AE16F4F-28B1-48F5-A8F0-0D9C866A1CCC}.Debug|Win32.ActiveCfg = Debug|Win32
		{8AE16F4F-28B1-48F5-A8F0-0D9C866A1CCC}.Debug|Win32.Build.0 = Debug|Win32
		{8AE16F4F-28B1-48F5-A8F0-0D9C866A1CCC}.Debug|x64.ActiveCfg = Debug|x64
		{8AE16F4F-28B1-48F5-A8F0-0D9C866A1CCC}.Debug|x64.Build.0 = Debug|x64
		{8AE16F4F-28B1-48F5-A8F0-0D9C866A1CCC}.Release|ARM.ActiveCfg = Release|ARM
		{8AE16F4F-28B1-48F5-A8F0-0D9C866A1CCC}.Release|ARM.Build.0 = Release|ARM
		{8AE16F4F-28B1-48F5-A8F0-0D9C866A1CCC}.Release|ARM64.ActiveCfg = Release|ARM64
		{8AE16F4F-28B1-48F5-A8F0-0D9C866A1CCC}.Release|ARM64.Build.0 = Release|ARM64
		{8AE16F4F-28B1-48F5-A8F0-0D9C866A1CCC}.Release|Win32.ActiveCfg = Release|Win32
		{8AE16F4F-28B1-48F5-A8F0-0D9C866A1CCC}.Release|Win32.Build.0 = Release|Win32
		{8AE16F4F-28B1-48F5-A8F0-0D9C866A1CCC}.Release|x64.ActiveCfg = Release|x64
		{8AE16F4F-28B1-48F5-A8F0-0D9C866A1CCC}.Release|x64.Build.0 = Release|x64
		{840F51EE-55FA-4421-9BA0-0D810A1A939A}.Debug|ARM.ActiveCfg = Debug|ARM
		{840F51EE-55FA-4421-9BA0-0D810A1A939A}.Debug|ARM.Build.0 = Debug|ARM
		{840F51EE-55FA-4421-9BA0-0D810A1A939A}.Debug|ARM64.ActiveCfg = Debug|ARM64
		{840F51EE-55FA-4421-9BA0-0D810A1A939A}.Debug|ARM64.Build.0 = Debug|ARM64
		{840F51EE-55FA-4421-9BA0-0D810A1A939A}.Debug|Win32.ActiveCfg = Debug|Win32
		{840F51EE-55FA-4421-9BA0-0D810A1A939A}.Debug|Win32.Build.0 = Debug|Win32
		{840F51EE-55FA-4421-9BA0-0D810A1A939A}.Debug|x64.ActiveCfg = Debug|x64
		{840F51EE-55FA-4421-9BA0-0D810A1A939A}.Debug|x64.Build.0 = Debug|x64
		{840F51EE-55FA-4421-9BA0-0D810A1A939A}.Release|ARM.ActiveCfg = Release|ARM
		{840F51EE-55FA-4421-9BA0-0D810A1A939A}.Release|ARM.Build.0 = Release|ARM
		{840F51EE-55FA-4421-9BA0-0D810A1A939A}.Release|ARM64.ActiveCfg = Release|ARM64
		{840F51EE-55FA-4421-9BA0-0D810A1A939A}.Release|ARM64.Build.0 = Release|ARM64
		{840F51EE-55FA-4421-9BA0-0D810A1A939A}.Release|Win32.ActiveCfg = Release|Win32
		{840F51EE-55FA-4421-9BA0-0D810A1A939A}.Release|Win32.Build.0 = Release|Win32
		{840F51EE-55FA-4421-9BA0-0D810A1A939A}.Release|x64.ActiveCfg = Release|x64
		{840F51EE-55FA-4421-9BA0-0D810A1A939A}.Release|x64.Build.0 = Release|x64
		{CEDF8919-00B2-4D8A-88CC-84ADB2D2FF89}.Debug|ARM.ActiveCfg = Debug|ARM
		{CEDF8919-00B2-4D8A-88CC-84ADB2D2FF89}.Debug|ARM.Build.0 = Debug|ARM
		{CEDF8919-00B2-4D8A-88CC-84ADB2D2FF89}.Debug|ARM64.ActiveCfg = Debug|ARM64
		{CEDF8919-00B2-4D8A-88CC-84ADB2D2FF89}.Debug|ARM64.Build.0 = Debug|ARM64
		{CEDF8919-00B2-4D8A-88CC-84ADB2D2FF89}.Debug|Win32.ActiveCfg = Debug|Win32
		{CEDF8919-00B2-4D8A-88CC-84ADB2D2FF89}.Debug|Win32.Build.0 = Debug|Win32
		{CEDF8919-00B2-4D8A-88CC-84ADB2D2FF89}.Debug|x64.ActiveCfg = Debug|x64
		{CEDF8919-00B2-4D8A-88CC-84ADB2D2FF89}.Debug|x64.Build.0 = Debug|x64
		{CEDF8919-00B2-4D8A-88CC-84ADB2D2FF89}.Release|ARM.ActiveCfg = Release|ARM
		{CEDF8919-00B2-4D8A-88CC-84ADB2D2FF89}.Release|ARM.Build.0 = Release|ARM
		{CEDF8919-00B2-4D8A-88CC-84ADB2D2FF89}.Release|ARM64.ActiveCfg = Release|ARM64
		{CEDF8919-00B2-4D8A-88CC-84ADB2D2FF89}.Release|ARM64.Build.0 = Release|ARM64
		{CEDF8919-00B2-4D8A-88CC-84ADB2D2FF89}.Release|Win32.ActiveCfg = Release|Win32
		{CEDF8919-00B2-4D8A-88CC-84ADB2D2FF89}.Release|Win32.Build.0 = Release|Win32
		{CEDF8919-00B2-4D8A-88CC-84ADB2D2FF89}.Release|x64.ActiveCfg = Release|x64
		{CEDF8919-00B2-4D8A-88CC-84ADB2D2FF89}.Release|x64.Build.0 = Release|x64
		{41CFAFBF-A1C8-4704-AFEF-31979E6452B9}.Debug|ARM.ActiveCfg = Debug|ARM
		{41CFAFBF-A1C8-4704-AFEF-31979E6452B9}.Debug|ARM.Build.0 = Debug|ARM
		{41CFAFBF-A1C8-4704-AFEF-31979E6452B9}.Debug|ARM64.ActiveCfg = Debug|ARM64
		{41CFAFBF-A1C8-4704-AFEF-31979E6452B9}.Debug|ARM64.Build.0 = Debug|ARM64
		{41CFAFBF-A1C8-4704-AFEF-31979E6452B9}.Debug|Win32.ActiveCfg = Debug|Win32
		{41CFAFBF-A1C8-4704-AFEF-31979E6452B9}.Debug|Win32.Build.0 = Debug|Win32
		{41CFAFBF-A1C8-4704-AFEF-31979E6452B9}.Debug|x64.ActiveCfg = Debug|x64
		{41CFAFBF-A1C8-4704-AFEF-31979E6452B9}.Debug|x64.Build.0 = Debug|x64
		{41CFAFBF-A1C8-4704-AFEF-31979E6452B9}.Release|ARM.ActiveCfg = Release|ARM
		{41CFAFBF-A1C8-4704-AFEF-31979E6452B9}.Release|ARM.Build.0 = Release|ARM
		{41CFAFBF-A1C8-4704-AFEF-31979E6452B9}.Release|ARM64.ActiveCfg = Release|ARM64
		{41CFAFBF-A1C8-4704-AFEF-31979E6452B9}.Release|ARM64.Build.0 = Release|ARM64
		{41CFAFBF-A1C8-4704-AFEF-31979E6452B9}.Release|Win32.ActiveCfg = Release|Win32
		{41CFAFBF-A1C8-4704-AFEF-31979E6452B9}.Release|Win32.Build.0 = Release|Win32
		{41CFAFBF-A1C8-4704-AFEF-31979E6452B9}.Release|x64.ActiveCfg = Release|x64
		{41CFAFBF-A1C8-4704-AFEF-31979E6452B9}.Release|x64.Build.0 = Release|x64
		{E2E45353-D420-4921-A2CF-59D9047262F8}.Debug|ARM.ActiveCfg = Debug|ARM
		{E2E45353-D420-4921-A2CF-59D9047262F8}.Debug|ARM.Build.0 = Debug|ARM
		{E2E45353-D420-4921-A2CF-59D9047262F8}.Debug|ARM64.ActiveCfg = Debug|ARM64
		{E2E45353-D420-4921-A2CF-59D9047262F8}.Debug|ARM64.Build.0 = Debug|ARM64
		{E2E45353-D420-4921-A2CF-59D9047262F8}.Debug|Win32.ActiveCfg = Debug|Win32
		{E2E45353-D420-4921-A2CF-59D9047262F8}.Debug|Win32.Build.0 = Debug|Win32
		{E2E45353-D420-4921-A2CF-59D9047262F8}.Debug|x64.ActiveCfg = Debug|x64
		{E2E45353-D420-4921-A2CF-59D9047262F8}.Debug|x64.Build.0 = Debug|x64
		{E2E45353-D420-4921-A2CF-59D9047262F8}.Release|ARM.ActiveCfg = Release|ARM
		{E2E45353-D420-4921-A2CF-59D9047262F8}.Release|ARM.Build.0 = Release|ARM
		{E2E45353-D420-4921-A2CF-59D9047262F8}.Release|ARM64.ActiveCfg = Release|ARM64
		{E2E45353-D420-4921-A2CF-59D9047262F8}.Release|ARM64.Build.0 = Release|ARM64
		{E2E45353-D420-4921-A2CF-59D9047262F8}.Release|Win32.ActiveCfg = Release|Win32
		{E2E45353-D420-4921-A2CF-59D9047262F8}.Release|Win32.Build.0 = Release|Win32
		{E2E45353-D420-4921-A2CF-59D9047262F8}.Release|x64.ActiveCfg = Release|x64
		{E2E45353-D420-4921-A2CF-59D9047262F8}.Release|x64.Build.0 = Release|x64
		{E221DB4C-B254-47CB-993D-DC7FED580DA1}.Debug|ARM.ActiveCfg = Debug|ARM
		{E221DB4C-B254-47CB-993D-DC7FED580DA1}.Debug|ARM.Build.0 = Debug|ARM
		{E221DB4C-B254-47CB-993D-DC7FED580DA1}.Debug|ARM64.ActiveCfg = Debug|ARM64
		{E221DB4C-B254-47CB-993D-DC7FED580DA1}.Debug|ARM64.Build.0 = Debug|ARM64
		{E221DB4C-B254-47CB-993D-DC7FED580DA1}.Debug|Win32.ActiveCfg = Debug|Win32
		{E221DB4C-B254-47CB-993D-DC7FED580DA1}.Debug|Win32.Build.0 = Debug|Win32
		{E221DB4C-B254-47CB-993D-DC7FED580DA1}.Debug|x64.ActiveCfg = Debug|x64
		{E221DB4C-B254-47CB-993D-DC7FED580DA1}.Debug|x64.Build.0 = Debug|x64
		{E221DB4C-B254-47CB-993D-DC7FED580DA1}.Release|ARM.ActiveCfg = Release|ARM
		{E221DB4C-B254-47CB-993D-DC7FED580DA1}.Release|ARM.Build.0 = Release|ARM
		{E221DB4C-B254-47CB-993D-DC7FED580DA1}.Release|ARM64.ActiveCfg = Release|ARM64
		{E221DB4C-B254-47CB-993D-DC7FED580DA1}.Release|ARM64.Build.0 = Release|ARM64
		{E221DB4C-B254-47CB-993D-DC7FED580DA1}.Release|Win32.ActiveCfg = Release|Win32
		{E221DB4C-B254-47CB-993D-DC7FED580DA1}.Release|Win32.Build.0 = Release|Win32
		{E221DB4C-B254-47CB-993D-DC7FED580DA1}.Release|x64.ActiveCfg = Release|x64
		{E221DB4C-B254-47CB-993D-DC7FED580DA1}.Release|x64.Build.0 = Release|x64
		{25C60507-39C6-4564-912D-DA2E7482A00F}.Debug|ARM.ActiveCfg = Debug|ARM
		{25C60507-39C6-4564-912D-DA2E7482A00F}.Debug|ARM.Build.0 = Debug|ARM
		{25C60507-39C6-4564-912D-DA2E7482A00F}.Debug|ARM64.ActiveCfg = Debug|ARM64
		{25C60507-39C6-4564-912D-DA2E7482A00F}.Debug|ARM64.Build.0 = Debug|ARM64
		{25C60507-39C6-4564-912D-DA2E7482A00F}.Debug|Win32.ActiveCfg = Debug|Win32
		{25C60507-39C6-4564-912D-DA2E7482A00F}.Debug|Win32.Build.0 = Debug|Win32
		{25C60507-39C6-4564-912D-DA2E7482A00F}.Debug|x64.ActiveCfg = Debug|x64
		{25C60507-39C6-4564-912D-DA2E7482A00F}.Debug|x64.Build.0 = Debug|x64
		{25C60507-39C6-4564-912D-DA2E7482A00F}.Release|ARM.ActiveCfg = Release|ARM
		{25C60507-39C6-4564-912D-DA2E7482A00F}.Release|ARM.Build.0 = Release|ARM
		{25C60507-39C6-4564-912D-DA2E7482A00F}.Release|ARM64.ActiveCfg = Release|ARM64
		{25C60507-39C6-4564-912D-DA2E7482A00F}.Release|ARM64.Build.0 = Release|ARM64
		{25C60507-39C6-4564-912D-DA2E7482A00F}.Release|Win32.ActiveCfg = Release|Win32
		{25C60507-39C6-4564-912D-DA2E7482A00F}.Release|Win32.Build.0 = Release|Win32
		{25C60507-39C6-4564-912D-DA2E7482A00F}.Release|x64.ActiveCfg = Release|x64
		{25C60507-39C6-4564-912D-DA2E7482A00F}.Release|x64.Build.0 = Release|x64
		{4C93BDD3-1804-47F3-9B34-F2DE0CAE1AE0}.Debug|ARM.ActiveCfg = Debug|ARM
		{4C93BDD3-1804-47F3-9B34-F2DE0CAE1AE0}.Debug|ARM.Build.0 = Debug|ARM
		{4C93BDD3-1804-47F3-9B34-F2DE0CAE1AE0}.Debug|ARM64.ActiveCfg = Debug|ARM64
		{4C93BDD3-1804-47F3-9B34-F2DE0CAE1AE0}.Debug|ARM64.Build.0 = Debug|ARM64
		{4C93BDD3-1804-47F3-9B34-F2DE0CAE1AE0}.Debug|Win32.ActiveCfg = Debug|Win32
		{4C93BDD3-1804-47F3-9B34-F2DE0CAE1AE0}.Debug|Win32.Build.0 = Debug|Win32
		{4C93BDD3-1804-47F3-9B34-F2DE0CAE1AE0}.Debug|x64.ActiveCfg = Debug|x64
		{4C93BDD3-1804-47F3-9B34-F2DE0CAE1AE0}.Debug|x64.Build.0 = Debug|x64
		{4C93BDD3-1804-47F3-9B34-F2DE0CAE1AE0}.Release|ARM.ActiveCfg = Release|ARM
		{4C93BDD3-1804-47F3-9B34-F2DE0CAE1AE0}.Release|ARM.Build.0 = Release|ARM
		{4C93BDD3-1804-47F3-9B34-F2DE0CAE1AE0}.Release|ARM64.ActiveCfg = Release|ARM64
		{4C93BDD3-1804-47F3-9B34-F2DE0CAE1AE0}.Release|ARM64.Build.0 = Release|ARM64
		{4C93BDD3-1804-47F3-9B34-F2DE0CAE1AE0}.Release|Win32.ActiveCfg = Release|Win32
		{4C93BDD3-1804-47F3-9B34-F2DE0CAE1AE0}.Release|Win32.Build.0 = Release|Win32
		{4C93BDD3-1804-47F3-9B34-F2DE0CAE1AE0}.Release|x64.ActiveCfg = Release|x64
		{4C93BDD3-1804-47F3-9B34-F2DE0CAE1AE0}.Release|x64.Build.0 = Release|x64
		{8AFAA2C6-E025-4B45-B96F-A27D04C6115A}.Debug|ARM.ActiveCfg = Debug|ARM
		{8AFAA2C6-E025-4B45-B96F-A27D04C6115A}.Debug|ARM.Build.0 = Debug|ARM
		{8AFAA2C6-E025-4B45-B96F-A27D04C6115A}.Debug|ARM64.ActiveCfg = Debug|ARM64
		{8AFAA2C6-E025-4B45-B96F-A27D04C6115A}.Debug|ARM64.Build.0 = Debug|ARM64
		{8AFAA2C6-E025-4B45-B96F-A27D04C6115A}.Debug|Win32.ActiveCfg = Debug|Win32
		{8AFAA2C6-E025-4B45-B96F-A27D04C6115A}.Debug|Win32.Build.0 = Debug|Win32
		{8AFAA2C6-E025-4B45-B96F-A27D04C6115A}.Debug|x64.ActiveCfg = Debug|x64
		{8AFAA2C6-E025-4B45-B96F-A27D04C6115A}.Debug|x64.Build.0 = Debug|x64
		{8AFAA2C6-E025-4B45-B96F-A27D04C6115A}.Release|ARM.ActiveCfg = Release|ARM
		{8AFAA2C6-E025-4B45-B96F-A27D04C6115A}.Release|ARM.Build.0 = Release|ARM
		{8AFAA2C6-E025-4B45-B96F-A27D04C6115A}.Release|ARM64.ActiveCfg = Release|ARM64
		{8AFAA2C6-E025-4B45-B96F-A27D04C6115A}.Release|ARM64.Build.0 = Release|ARM64
		{8AFAA2C6-E025-4B45-B96F-A27D04C6115A}.Release|Win32.ActiveCfg = Release|Win32
		{8AFAA2C6-E025-4B45-B96F-A27D04C6115A}.Release|Win32.Build.0 = Release|Win32
		{8AFAA2C6-E025-4B45-B96F-A27D04C6115A}.Release|x64.ActiveCfg = Release|x64
		{8AFAA2C6-E025-4B45-B96F-A27D04C6115A}.Release|x64.Build.0 = Release|x64
		{2CC46A0F-2CD9-4BD1-9667-8DDDECC98C96}.Debug|ARM.ActiveCfg = Debug|ARM
		{2CC46A0F-2CD9-4BD1-9667-8DDDECC98C96}.Debug|ARM.Build.0 = Debug|ARM
		{2CC46A0F-2CD9-4BD1-9667-8DDDECC98C96}.Debug|ARM64.ActiveCfg = Debug|ARM64
		{2CC46A0F-2CD9-4BD1-9667-8DDDECC98C96}.Debug|ARM64.Build.0 = Debug|ARM64
		{2CC46A0F-2CD9-4BD1-9667-8DDDECC98C96}.Debug|Win32.ActiveCfg = Debug|Win32
		{2CC46A0F-2CD9-4BD1-9667-8DDDECC98C96}.Debug|Win32.Build.0 = Debug|Win32
		{2CC46A0F-2CD9-4BD1-9667-8DDDECC98C96}.Debug|x64.ActiveCfg = Debug|x64
		{2CC46A0F-2CD9-4BD1-9667-8DDDECC98C96}.Debug|x64.Build.0 = Debug|x64
		{2CC46A0F-2CD9-4BD1-9667-8DDDECC98C96}.Release|ARM.ActiveCfg = Release|ARM
		{2CC46A0F-2CD9-4BD1-9667-8DDDECC98C96}.Release|ARM.Build.0 = Release|ARM
		{2CC46A0F-2CD9-4BD1-9667-8DDDECC98C96}.Release|ARM64.ActiveCfg = Release|ARM64
		{2CC46A0F-2CD9-4BD1-9667-8DDDECC98C96}.Release|ARM64.Build.0 = Release|ARM64
		{2CC46A0F-2CD9-4BD1-9667-8DDDECC98C96}.Release|Win32.ActiveCfg = Release|Win32
		{2CC46A0F-2CD9-4BD1-9667-8DDDECC98C96}.Release|Win32.Build.0 = Release|Win32
		{2CC46A0F-2CD9-4BD1-9667-8DDDECC98C96}.Release|x64.ActiveCfg = Release|x64
		{2CC46A0F-2CD9-4BD1-9667-8DDDECC98C96}.Release|x64.Build.0 = Release|x64
		{3FFB9C05-1145-45A7-9ADE-5C8D70FBD7CA}.Debug|ARM.ActiveCfg = Debug|ARM
		{3FFB9C05-1145-45A7-9ADE-5C8D70FBD7CA}.Debug|ARM.Build.0 = Debug|ARM
		{3FFB9C05-1145-45A7-9ADE-5C8D70FBD7CA}.Debug|ARM64.ActiveCfg = Debug|ARM64
		{3FFB9C05-1145-45A7-9ADE-5C8D70FBD7CA}.Debug|ARM64.Build.0 = Debug|ARM64
		{3FFB9C05-1145-45A7-9ADE-5C8D70FBD7CA}.Debug|Win32.ActiveCfg = Debug|Win32
		{3FFB9C05-1145-45A7-9ADE-5C8D70FBD7CA}.Debug|Win32.Build.0 = Debug|Win32
		{3FFB9C05-1145-45A7-9ADE-5C8D70FBD7CA}.Debug|x64.ActiveCfg = Debug|x64
		{3FFB9C05-1145-45A7-9ADE-5C8D70FBD7CA}.Debug|x64.Build.0 = Debug|x64
		{3FFB9C05-1145-45A7-9ADE-5C8D70FBD7CA}.Release|ARM.ActiveCfg = Release|ARM
		{3FFB9C05-1145-45A7-9ADE-5C8D70FBD7CA}.Release|ARM.Build.0 = Release|ARM
		{3FFB9C05-1145-45A7-9ADE-5C8D70FBD7CA}.Release|ARM64.ActiveCfg = Release|ARM64
		{3FFB9C05-1145-45A7-9ADE-5C8D70FBD7CA}.Release|ARM64.Build.0 = Release|ARM64
		{3FFB9C05-1145-45A7-9ADE-5C8D70FBD7CA}.Release|Win32.ActiveCfg = Release|Win32
		{3FFB9C05-1145-45A7-9ADE-5C8D70FBD7CA}.Release|Win32.Build.0 = Release|Win32
		{3FFB9C05-1145-45A7-9ADE-5C8D70FBD7CA}.Release|x64.ActiveCfg = Release|x64
		{3FFB9C05-1145-45A7-9ADE-5C8D70FBD7CA}.Release|x64.Build.0 = Release|x64
		{D6DC307C-0CA0-4144-BB19-9C43B476280F}.Debug|ARM.ActiveCfg = Debug|ARM
		{D6DC307C-0CA0-4144-BB19-9C43B476280F}.Debug|ARM.Build.0 = Debug|ARM
		{D6DC307C-0CA0-4144-BB19-9C43B476280F}.Debug|ARM64.ActiveCfg = Debug|ARM64
		{D6DC307C-0CA0-4144-BB19-9C43B476280F}.Debug|ARM64.Build.0 = Debug|ARM64
		{D6DC307C-0CA0-4144-BB19-9C43B476280F}.Debug|Win32.ActiveCfg = Debug|Win32
		{D6DC307C-0CA0-4144-BB19-9C43B476280F}.Debug|Win32.Build.0 = Debug|Win32
		{D6DC307C-0CA0-4144-BB19-9C43B476280F}.Debug|x64.ActiveCfg = Debug|x64
		{D6DC307C-0CA0-4144-BB19-9C43B476280F}.Debug|x64.Build.0 = Debug|x64
		{D6DC307C-0CA0-4144-BB19-9C43B476280F}.Release|ARM.ActiveCfg = Release|ARM
		{D6DC307C-0CA0-4144-BB19-9C43B476280F}.Release|ARM.Build.0 = Release|ARM
		{D6DC307C-0CA0-4144-BB19-9C43B476280F}.Release|ARM64.ActiveCfg = Release|ARM64
		{D6DC307C-0CA0-4144-BB19-9C43B476280F}.Release|ARM64.Build.0 = Release|ARM64
		{D6DC307C-0CA0-4144-BB19-9C43B476280F}.Release|Win32.ActiveCfg = Release|Win32
		{D6DC307C-0CA0-4144-BB19-9C43B476280F}.Release|Win32.Build.0 = Release|Win32
		{D6DC307C-0CA0-4144-BB19-9C43B476280F}.Release|x64.ActiveCfg = Release|x64
		{D6DC307C-0CA0-4144-BB19-9C43B476280F}.Release|x64.Build.0 = Release|x64
		{A7545354-5D50-49F6-A3D0-1F97F6228955}.Debug|ARM.ActiveCfg = Debug|ARM
		{A7545354-5D50-49F6-A3D0-1F97F6228955}.Debug|ARM.Build.0 = Debug|ARM
		{A7545354-5D50-49F6-A3D0-1F97F6228955}.Debug|ARM64.ActiveCfg = Debug|ARM64
		{A7545354-5D50-49F6-A3D0-1F97F6228955}.Debug|ARM64.Build.0 = Debug|ARM64
		{A7545354-5D50-49F6-A3D0-1F97F6228955}.Debug|Win32.ActiveCfg = Debug|Win32
		{A7545354-5D50-49F6-A3D0-1F97F6228955}.Debug|Win32.Build.0 = Debug|Win32
		{A7545354-5D50-49F6-A3D0-1F97F6228955}.Debug|x64.ActiveCfg = Debug|x64
		{A7545354-5D50-49F6-A3D0-1F97F6228955}.Debug|x64.Build.0 = Debug|x64
		{A7545354-5D50-49F6-A3D0-1F97F6228955}.Release|ARM.ActiveCfg = Release|ARM
		{A7545354-5D50-49F6-A3D0-1F97F6228955}.Release|ARM.Build.0 = Release|ARM
		{A7545354-5D50-49F6-A3D0-1F97F6228955}.Release|ARM64.ActiveCfg = Release|ARM64
		{A7545354-5D50-49F6-A3D0-1F97F6228955}.Release|ARM64.Build.0 = Release|ARM64
		{A7545354-5D50-49F6-A3D0-1F97F6228955}.Release|Win32.ActiveCfg = Release|Win32
		{A7545354-5D50-49F6-A3D0-1F97F6228955}.Release|Win32.Build.0 = Release|Win32
		{A7545354-5D50-49F6-A3D0-1F97F6228955}.Release|x64.ActiveCfg = Release|x64
		{A7545354-5D50-49F6-A3D0-1F97F6228955}.Release|x64.Build.0 = Release|x64
		{91A40238-86E3-44BA-8CFE-8410F4EE492C}.Debug|ARM.ActiveCfg = Debug|ARM
		{91A40238-86E3-44BA-8CFE-8410F4EE492C}.Debug|ARM.Build.0 = Debug|ARM
		{91A40238-86E3-44BA-8CFE-8410F4EE492C}.Debug|ARM64.ActiveCfg = Debug|ARM64
		{91A40238-86E3-44BA-8CFE-8410F4EE492C}.Debug|ARM64.Build.0 = Debug|ARM64
		{91A40238-86E3-44BA-8CFE-8410F4EE492C}.Debug|Win32.ActiveCfg = Debug|Win32
		{91A40238-86E3-44BA-8CFE-8410F4EE492C}.Debug|Win32.Build.0 = Debug|Win32
		{91A40238-86E3-44BA-8CFE-8410F4EE492C}.Debug|x64.ActiveCfg = Debug|x64
		{91A40238-86E3-44BA-8CFE-8410F4EE492C}.Debug|x64.Build.0 = Debug|x64
		{91A40238-86E3-44BA-8CFE-8410F4EE492C}.Release|ARM.ActiveCfg = Release|ARM
		{91A40238-86E3-44BA-8CFE-8410F4EE492C}.Release|ARM.Build.0 = Release|ARM
		{91A40238-86E3-44BA-8CFE-8410F4EE492C}.Release|ARM64.ActiveCfg = Release|ARM64
		{91A40238-86E3-44BA-8CFE-8410F4EE492C}.Release|ARM64.Build.0 = Release|ARM64
		{91A40238-86E3-44BA-8CFE-8410F4EE492C}.Release|Win32.ActiveCfg = Release|Win32
		{91A40238-86E3-44BA-8CFE-8410F4EE492C}.Release|Win32.Build.0 = Release|Win32
		{91A40238-86E3-44BA-8CFE-8410F4EE492C}.Release|x64.ActiveCfg = Release|x64
		{91A40238-86E3-44BA-8CFE-8410F4EE492C}.Release|x64.Build.0 = Release|x64
		{BC27FF34-C859-4A1A-95D6-FC89952E1910}.Debug|ARM.ActiveCfg = Debug|ARM
		{BC27FF34-C859-4A1A-95D6-FC89952E1910}.Debug|ARM.Build.0 = Debug|ARM
		{BC27FF34-C859-4A1A-95D6-FC89952E1910}.Debug|ARM64.ActiveCfg = Debug|ARM64
		{BC27FF34-C859-4A1A-95D6-FC89952E1910}.Debug|ARM64.Build.0 = Debug|ARM64
		{BC27FF34-C859-4A1A-95D6-FC89952E1910}.Debug|Win32.ActiveCfg = Debug|Win32
		{BC27FF34-C859-4A1A-95D6-FC89952E1910}.Debug|Win32.Build.0 = Debug|Win32
		{BC27FF34-C859-4A1A-95D6-FC89952E1910}.Debug|x64.ActiveCfg = Debug|x64
		{BC27FF34-C859-4A1A-95D6-FC89952E1910}.Debug|x64.Build.0 = Debug|x64
		{BC27FF34-C859-4A1A-95D6-FC89952E1910}.Release|ARM.ActiveCfg = Release|ARM
		{BC27FF34-C859-4A1A-95D6-FC89952E1910}.Release|ARM.Build.0 = Release|ARM
		{BC27FF34-C859-4A1A-95D6-FC89952E1910}.Release|ARM64.ActiveCfg = Release|ARM64
		{BC27FF34-C859-4A1A-95D6-FC89952E1910}.Release|ARM64.Build.0 = Release|ARM64
		{BC27FF34-C859-4A1A-95D6-FC89952E1910}.Release|Win32.ActiveCfg = Release|Win32
		{BC27FF34-C859-4A1A-95D6-FC89952E1910}.Release|Win32.Build.0 = Release|Win32
		{BC27FF34-C859-4A1A-95D6-FC89952E1910}.Release|x64.ActiveCfg = Release|x64
		{BC27FF34-C859-4A1A-95D6-FC89952E1910}.Release|x64.Build.0 = Release|x64
		{85005D62-6AA7-4D8A-86CB-4061B23D7C6C}.Debug|ARM.ActiveCfg = Debug|ARM
		{85005D62-6AA7-4D8A-86CB-4061B23D7C6C}.Debug|ARM.Build.0 = Debug|ARM
		{85005D62-6AA7-4D8A-86CB-4061B23D7C6C}.Debug|ARM64.ActiveCfg = Debug|ARM64
		{85005D62-6AA7-4D8A-86CB-4061B23D7C6C}.Debug|ARM64.Build.0 = Debug|ARM64
		{85005D62-6AA7-4D8A-86CB-4061B23D7C6C}.Debug|Win32.ActiveCfg = Debug|Win32
		{85005D62-6AA7-4D8A-86CB-4061B23D7C6C}.Debug|Win32.Build.0 = Debug|Win32
		{85005D62-6AA7-4D8A-86CB-4061B23D7C6C}.Debug|x64.ActiveCfg = Debug|x64
		{85005D62-6AA7-4D8A-86CB-4061B23D7C6C}.Debug|x64.Build.0 = Debug|x64
		{85005D62-6AA7-4D8A-86CB-4061B23D7C6C}.Release|ARM.ActiveCfg = Release|ARM
		{85005D62-6AA7-4D8A-86CB-4061B23D7C6C}.Release|ARM.Build.0 = Release|ARM
		{85005D62-6AA7-4D8A-86CB-4061B23D7C6C}.Release|ARM64.ActiveCfg = Release|ARM64
		{85005D62-6AA7-4D8A-86CB-4061B23D7C6C}.Release|ARM64.Build.0 = Release|ARM64
		{85005D62-6AA7-4D8A-86CB-4061B23D7C6C}.Release|Win32.ActiveCfg = Release|Win32
		{85005D62-6AA7-4D8A-86CB-4061B23D7C6C}.Release|Win32.Build.0 = Release|Win32
		{85005D62-6AA7-4D8A-86CB-4061B23D7C6C}.Release|x64.ActiveCfg = Release|x64
		{85005D62-6AA7-4D8A-86CB-4061B23D7C6C}.Release|x64.Build.0 = Release|x64
		{BD3A95FA-A3DE-4B79-A889-A7E5ECA4B69C}.Debug|ARM.ActiveCfg = Debug|ARM
		{BD3A95FA-A3DE-4B79-A889-A7E5ECA4B69C}.Debug|ARM.Build.0 = Debug|ARM
		{BD3A95FA-A3DE-4B79-A889-A7E5ECA4B69C}.Debug|ARM64.ActiveCfg = Debug|ARM64
		{BD3A95FA-A3DE-4B79-A889-A7E5ECA4B69C}.Debug|ARM64.Build.0 = Debug|ARM64
		{BD3A95FA-A3DE-4B79-A889-A7E5ECA4B69C}.Debug|Win32.ActiveCfg = Debug|Win32
		{BD3A95FA-A3DE-4B79-A889-A7E5ECA4B69C}.Debug|Win32.Build.0 = Debug|Win32
		{BD3A95FA-A3DE-4B79-A889-A7E5ECA4B69C}.Debug|x64.ActiveCfg = Debug|x64
		{BD3A95FA-A3DE-4B79-A889-A7E5ECA4B69C}.Debug|x64.Build.0 = Debug|x64
		{BD3A95FA-A3DE-4B79-A889-A7E5ECA4B69C}.Release|ARM.ActiveCfg = Release|ARM
		{BD3A95FA-A3DE-4B79-A889-A7E5ECA4B69C}.Release|ARM.Build.0 = Release|ARM
		{BD3A95FA-A3DE-4B79-A889-A7E5ECA4B69C}.Release|ARM64.ActiveCfg = Release|ARM64
		{BD3A95FA-A3DE-4B79-A889-A7E5ECA4B69C}.Release|ARM64.Build.0 = Release|ARM64
		{BD3A95FA-A3DE-4B79-A889-A7E5ECA4B69C}.Release|Win32.ActiveCfg = Release|Win32
		{BD3A95FA-A3DE-4B79-A889-A7E5ECA4B69C}.Release|Win32.Build.0 = Release|Win32
		{BD3A95FA-A3DE-4B79-A889-A7E5ECA4B69C}.Release|x64.ActiveCfg = Release|x64
		{BD3A95FA-A3DE-4B79-A889-A7E5ECA4B69C}.Release|x64.Build.0 = Release|x64
		{5304AD69-D449-4589-B2C9-E4607E56A51D}.Debug|ARM.ActiveCfg = Debug|ARM
		{5304AD69-D449-4589-B2C9-E4607E56A51D}.Debug|ARM.Build.0 = Debug|ARM
		{5304AD69-D449-4589-B2C9-E4607E56A51D}.Debug|ARM64.ActiveCfg = Debug|ARM64
		{5304AD69-D449-4589-B2C9-E4607E56A51D}.Debug|ARM64.Build.0 = Debug|ARM64
		{5304AD69-D449-4589-B2C9-E4607E56A51D}.Debug|Win32.ActiveCfg = Debug|Win32
		{5304AD69-D449-4589-B2C9-E4607E56A51D}.Debug|Win32.Build.0 = Debug|Win32
		{5304AD69-D449-4589-B2C9-E4607E56A51D}.Debug|x64.ActiveCfg = Debug|x64
		{5304AD69-D449-4589-B2C9-E4607E56A51D}.Debug|x64.Build.0 = Debug|x64
		{5304AD69-D449-4589-B2C9-E4607E56A51D}.Release|ARM.ActiveCfg = Release|ARM
		{5304AD69-D449-4589-B2C9-E4607E56A51D}.Release|ARM.Build.0 = Release|ARM
		{5304AD69-D449-4589-B2C9-E4607E56A51D}.Release|ARM64.ActiveCfg = Release|ARM64
		{5304AD69-D449-4589-B2C9-E4607E56A51D}.Release|ARM64.Build.0 = Release|ARM64
		{5304AD69-D449-4589-B2C9-E4607E56A51D}.Release|Win32.ActiveCfg = Release|Win32
		{5304AD69-D449-4589-B2C9-E4607E56A51D}.Release|Win32.Build.0 = Release|Win32
		{5304AD69-D449-4589-B2C9-E4607E56A51D}.Release|x64.ActiveCfg = Release|x64
		{5304AD69-D449-4589-B2C9-E4607E56A51D}.Release|x64.Build.0 = Release|x64
		{B9332DC8-7594-47DF-80C1-38922E0F4DFB}.Debug|ARM.ActiveCfg = Debug|ARM
		{B9332DC8-7594-47DF-80C1-38922E0F4DFB}.Debug|ARM.Build.0 = Debug|ARM
		{B9332DC8-7594-47DF-80C1-38922E0F4DFB}.Debug|ARM64.ActiveCfg = Debug|ARM64
		{B9332DC8-7594-47DF-80C1-38922E0F4DFB}.Debug|ARM64.Build.0 = Debug|ARM64
		{B9332DC8-7594-47DF-80C1-38922E0F4DFB}.Debug|Win32.ActiveCfg = Debug|Win32
		{B9332DC8-7594-47DF-80C1-38922E0F4DFB}.Debug|Win32.Build.0 = Debug|Win32
		{B9332DC8-7594-47DF-80C1-38922E0F4DFB}.Debug|x64.ActiveCfg = Debug|x64
		{B9332DC8-7594-47DF-80C1-38922E0F4DFB}.Debug|x64.Build.0 = Debug|x64
		{B9332DC8-7594-47DF-80C1-38922E0F4DFB}.Release|ARM.ActiveCfg = Release|ARM
		{B9332DC8-7594-47DF-80C1-38922E0F4DFB}.Release|ARM.Build.0 = Release|ARM
		{B9332DC8-7594-47DF-80C1-38922E0F4DFB}.Release|ARM64.ActiveCfg = Release|ARM64
		{B9332DC8-7594-47DF-80C1-38922E0F4DFB}.Release|ARM64.Build.0 = Release|ARM64
		{B9332DC8-7594-47DF-80C1-38922E0F4DFB}.Release|Win32.ActiveCfg = Release|Win32
		{B9332DC8-7594-47DF-80C1-38922E0F4DFB}.Release|Win32.Build.0 = Release|Win32
		{B9332DC8-7594-47DF-80C1-38922E0F4DFB}.Release|x64.ActiveCfg = Release|x64
		{B9332DC8-7594-47DF-80C1-38922E0F4DFB}.Release|x64.Build.0 = Release|x64
		{B86FB73A-4ACC-42DE-9545-586D93955B06}.Debug|ARM.ActiveCfg = Debug|ARM
		{B86FB73A-4ACC-42DE-9545-586D93955B06}.Debug|ARM.Build.0 = Debug|ARM
		{B86FB73A-4ACC-42DE-9545-586D93955B06}.Debug|ARM64.ActiveCfg = Debug|ARM64
		{B86FB73A-4ACC-42DE-9545-586D93955B06}.Debug|ARM64.Build.0 = Debug|ARM64
		{B86FB73A-4ACC-42DE-9545-586D93955B06}.Debug|Win32.ActiveCfg = Debug|Win32
		{B86FB73A-4ACC-42DE-9545-586D93955B06}.Debug|Win32.Build.0 = Debug|Win32
		{B86FB73A-4ACC-42DE-9545-586D93955B06}.Debug|x64.ActiveCfg = Debug|x64
		{B86FB73A-4ACC-42DE-9545-586D93955B06}.Debug|x64.Build.0 = Debug|x64
		{B86FB73A-4ACC-42DE-9545-586D93955B06}.Release|ARM.ActiveCfg = Release|ARM
		{B86FB73A-4ACC-42DE-9545-586D93955B06}.Release|ARM.Build.0 = Release|ARM
		{B86FB73A-4ACC-42DE-9545-586D93955B06}.Release|ARM64.ActiveCfg = Release|ARM64
		{B86FB73A-4ACC-42DE-9545-586D93955B06}.Release|ARM64.Build.0 = Release|ARM64
		{B86FB73A-4ACC-42DE-9545-586D93955B06}.Release|Win32.ActiveCfg = Release|Win32
		{B86FB73A-4ACC-42DE-9545-586D93955B06}.Release|Win32.Build.0 = Release|Win32
		{B86FB73A-4ACC-42DE-9545-586D93955B06}.Release|x64.ActiveCfg = Release|x64
		{B86FB73A-4ACC-42DE-9545-586D93955B06}.Release|x64.Build.0 = Release|x64
	EndGlobalSection
	GlobalSection(SolutionProperties) = preSolution
		HideSolutionNode = FALSE
	EndGlobalSection
	GlobalSection(ExtensibilityGlobals) = postSolution
		SolutionGuid = {E15CFA1C-06BF-43CF-8308-4238161E281D}
	EndGlobalSection
EndGlobal
